// !$*UTF8*$!
{
	archiveVersion = 1;
	classes = {
	};
	objectVersion = 56;
	objects = {

/* Begin PBXBuildFile section */
		1800034D2BD6919B003C2804 /* ReportView.swift in Sources */ = {isa = PBXBuildFile; fileRef = 1800034C2BD6919B003C2804 /* ReportView.swift */; };
		180003512BD796D0003C2804 /* MockDataStubs.swift in Sources */ = {isa = PBXBuildFile; fileRef = 180003502BD796D0003C2804 /* MockDataStubs.swift */; };
		180003552BD8D40F003C2804 /* TabulatedDataItem.swift in Sources */ = {isa = PBXBuildFile; fileRef = 180003542BD8D40E003C2804 /* TabulatedDataItem.swift */; };
		183ECBB92B6F092B006C45B2 /* BudgetSystemService in Frameworks */ = {isa = PBXBuildFile; productRef = 183ECBB82B6F092B006C45B2 /* BudgetSystemService */; };
		183ECBC12B70E0B6006C45B2 /* KeyValueStore.swift in Sources */ = {isa = PBXBuildFile; fileRef = 183ECBC02B70E0B6006C45B2 /* KeyValueStore.swift */; };
		183ECBC32B70E0E3006C45B2 /* InMemoryKeyValueStore.swift in Sources */ = {isa = PBXBuildFile; fileRef = 183ECBC22B70E0E3006C45B2 /* InMemoryKeyValueStore.swift */; };
		183ECBC52B70E10C006C45B2 /* Atomic.swift in Sources */ = {isa = PBXBuildFile; fileRef = 183ECBC42B70E10C006C45B2 /* Atomic.swift */; };
		183ECBC72B70E5DD006C45B2 /* SecureKeyValueStore.swift in Sources */ = {isa = PBXBuildFile; fileRef = 183ECBC62B70E5DD006C45B2 /* SecureKeyValueStore.swift */; };
		183ECBCA2B70E70B006C45B2 /* KeychainSwift in Frameworks */ = {isa = PBXBuildFile; productRef = 183ECBC92B70E70B006C45B2 /* KeychainSwift */; };
		183ECBCD2B724835006C45B2 /* SecureKeyValueStoreTests.swift in Sources */ = {isa = PBXBuildFile; fileRef = 183ECBCC2B724835006C45B2 /* SecureKeyValueStoreTests.swift */; };
		183ECBDF2B747085006C45B2 /* FloatingTitleRow.swift in Sources */ = {isa = PBXBuildFile; fileRef = 183ECBD82B747085006C45B2 /* FloatingTitleRow.swift */; };
		183ECBE02B747085006C45B2 /* SelectListView.swift in Sources */ = {isa = PBXBuildFile; fileRef = 183ECBD92B747085006C45B2 /* SelectListView.swift */; };
		183ECBE12B747085006C45B2 /* Typography.swift in Sources */ = {isa = PBXBuildFile; fileRef = 183ECBDB2B747085006C45B2 /* Typography.swift */; };
		183ECBE62B74738B006C45B2 /* ComposableArchitecture in Frameworks */ = {isa = PBXBuildFile; productRef = 183ECBE52B74738B006C45B2 /* ComposableArchitecture */; };
		183ECBEC2B747460006C45B2 /* String+Additions.swift in Sources */ = {isa = PBXBuildFile; fileRef = 183ECBE82B747460006C45B2 /* String+Additions.swift */; };
		183ECBED2B747460006C45B2 /* Collection+Additions.swift in Sources */ = {isa = PBXBuildFile; fileRef = 183ECBE92B747460006C45B2 /* Collection+Additions.swift */; };
		183ECBEE2B747460006C45B2 /* Array+Safe.swift in Sources */ = {isa = PBXBuildFile; fileRef = 183ECBEA2B747460006C45B2 /* Array+Safe.swift */; };
		183ECBF12B748E90006C45B2 /* HorizontalDivider.swift in Sources */ = {isa = PBXBuildFile; fileRef = 183ECBF02B748E90006C45B2 /* HorizontalDivider.swift */; };
		184DF0B72B6E1C3E00BA6F21 /* ReportsApp.swift in Sources */ = {isa = PBXBuildFile; fileRef = 184DF0B62B6E1C3E00BA6F21 /* ReportsApp.swift */; };
		184DF0BB2B6E1C3E00BA6F21 /* Assets.xcassets in Resources */ = {isa = PBXBuildFile; fileRef = 184DF0BA2B6E1C3E00BA6F21 /* Assets.xcassets */; };
		184DF0BF2B6E1C3E00BA6F21 /* Preview Assets.xcassets in Resources */ = {isa = PBXBuildFile; fileRef = 184DF0BE2B6E1C3E00BA6F21 /* Preview Assets.xcassets */; };
		184DF0C92B6E1C3F00BA6F21 /* ReportsTests.swift in Sources */ = {isa = PBXBuildFile; fileRef = 184DF0C82B6E1C3F00BA6F21 /* ReportsTests.swift */; };
		184DF0D32B6E1C3F00BA6F21 /* ReportsUITests.swift in Sources */ = {isa = PBXBuildFile; fileRef = 184DF0D22B6E1C3F00BA6F21 /* ReportsUITests.swift */; };
		184DF0D52B6E1C3F00BA6F21 /* ReportsUITestsLaunchTests.swift in Sources */ = {isa = PBXBuildFile; fileRef = 184DF0D42B6E1C3F00BA6F21 /* ReportsUITestsLaunchTests.swift */; };
		186A80E72BC9F8450015FFC7 /* ChartButtonView.swift in Sources */ = {isa = PBXBuildFile; fileRef = 186A80E62BC9F8450015FFC7 /* ChartButtonView.swift */; };
		186A80EB2BCA57F90015FFC7 /* BackgroundShadowViewModifier.swift in Sources */ = {isa = PBXBuildFile; fileRef = 186A80EA2BCA57F90015FFC7 /* BackgroundShadowViewModifier.swift */; };
		186A80F22BCBF4990015FFC7 /* ViewRectReader.swift in Sources */ = {isa = PBXBuildFile; fileRef = 186A80F12BCBF4990015FFC7 /* ViewRectReader.swift */; };
		186A80F52BCC013F0015FFC7 /* BottomShadowViewModifier.swift in Sources */ = {isa = PBXBuildFile; fileRef = 186A80F42BCC013F0015FFC7 /* BottomShadowViewModifier.swift */; };
		186A80FD2BCCC5DE0015FFC7 /* ReportInputView.swift in Sources */ = {isa = PBXBuildFile; fileRef = 186A80FC2BCCC5DE0015FFC7 /* ReportInputView.swift */; };
		186E8A1E2B99872F00E65BDE /* ConfigProvider.swift in Sources */ = {isa = PBXBuildFile; fileRef = 186E8A1D2B99872F00E65BDE /* ConfigProvider.swift */; };
		186E8A202B998C2A00E65BDE /* ConfigProviderTests.swift in Sources */ = {isa = PBXBuildFile; fileRef = 186E8A1F2B998C2A00E65BDE /* ConfigProviderTests.swift */; };
		186E8A222B9AEDB100E65BDE /* MainTabView.swift in Sources */ = {isa = PBXBuildFile; fileRef = 186E8A212B9AEDB100E65BDE /* MainTabView.swift */; };
		186E8A242B9AF45200E65BDE /* HomeView.swift in Sources */ = {isa = PBXBuildFile; fileRef = 186E8A232B9AF45200E65BDE /* HomeView.swift */; };
		186E8A312B9B169C00E65BDE /* CGFloat+DesignStyleMetrics.swift in Sources */ = {isa = PBXBuildFile; fileRef = 186E8A302B9B169C00E65BDE /* CGFloat+DesignStyleMetrics.swift */; };
		186E8A382B9B34BA00E65BDE /* ListRowButtonStyle.swift in Sources */ = {isa = PBXBuildFile; fileRef = 186E8A372B9B34BA00E65BDE /* ListRowButtonStyle.swift */; };
		186E8A402B9BE5E800E65BDE /* ListStyleViewModifier.swift in Sources */ = {isa = PBXBuildFile; fileRef = 186E8A3F2B9BE5E800E65BDE /* ListStyleViewModifier.swift */; };
		186E8A442B9C3AD500E65BDE /* KleonButtonStyle.swift in Sources */ = {isa = PBXBuildFile; fileRef = 186E8A432B9C3AD500E65BDE /* KleonButtonStyle.swift */; };
		186E8A462B9C4BB500E65BDE /* Color+Adjust.swift in Sources */ = {isa = PBXBuildFile; fileRef = 186E8A452B9C4BB500E65BDE /* Color+Adjust.swift */; };
		1882CF4E2BDE3D7200EA0B05 /* Localizable.xcstrings in Resources */ = {isa = PBXBuildFile; fileRef = 1882CF4D2BDE3D7200EA0B05 /* Localizable.xcstrings */; };
		1894264B2BDFB6D700C06018 /* AppStrings.swift in Sources */ = {isa = PBXBuildFile; fileRef = 1894264A2BDFB6D700C06018 /* AppStrings.swift */; };
		189641AF2B9C72BE00716258 /* AnimationConstants.swift in Sources */ = {isa = PBXBuildFile; fileRef = 189641AE2B9C72BE00716258 /* AnimationConstants.swift */; };
		189641BB2B9C8CFE00716258 /* ReportChart.swift in Sources */ = {isa = PBXBuildFile; fileRef = 189641BA2B9C8CFD00716258 /* ReportChart.swift */; };
		189641BE2B9D675900716258 /* SettingsView.swift in Sources */ = {isa = PBXBuildFile; fileRef = 189641BD2B9D675900716258 /* SettingsView.swift */; };
		189641C12B9D67CE00716258 /* SavedReportsView.swift in Sources */ = {isa = PBXBuildFile; fileRef = 189641C02B9D67CE00716258 /* SavedReportsView.swift */; };
		18A514C92BD5001300B072DE /* SpendingTotalChartView.swift in Sources */ = {isa = PBXBuildFile; fileRef = 18A514C82BD5001300B072DE /* SpendingTotalChartView.swift */; };
		18C3BFB02B81874000E444C8 /* AppIntroLoginView.swift in Sources */ = {isa = PBXBuildFile; fileRef = 18C3BFAF2B81874000E444C8 /* AppIntroLoginView.swift */; };
		18C3BFB22B820AEA00E444C8 /* SFSafariView.swift in Sources */ = {isa = PBXBuildFile; fileRef = 18C3BFB12B820AEA00E444C8 /* SFSafariView.swift */; };
		18C3BFB72B820DD000E444C8 /* Binding+Additions.swift in Sources */ = {isa = PBXBuildFile; fileRef = 18C3BFB62B820DD000E444C8 /* Binding+Additions.swift */; };
		18C3BFBF2B82370B00E444C8 /* BudgetSystemService+Config.swift in Sources */ = {isa = PBXBuildFile; fileRef = 18C3BFBE2B82370B00E444C8 /* BudgetSystemService+Config.swift */; };
		18C3BFC12B83993200E444C8 /* URL+Additions.swift in Sources */ = {isa = PBXBuildFile; fileRef = 18C3BFC02B83993200E444C8 /* URL+Additions.swift */; };
		18C3BFC32B8399C600E444C8 /* URLTests.swift in Sources */ = {isa = PBXBuildFile; fileRef = 18C3BFC22B8399C600E444C8 /* URLTests.swift */; };
		18C3BFCB2B87522200E444C8 /* Logger.swift in Sources */ = {isa = PBXBuildFile; fileRef = 18C3BFCA2B87522200E444C8 /* Logger.swift */; };
		18C3BFDA2B8AE9EC00E444C8 /* OpenSans-SemiBold.ttf in Resources */ = {isa = PBXBuildFile; fileRef = 18C3BFCE2B8AE9EC00E444C8 /* OpenSans-SemiBold.ttf */; };
		18C3BFDB2B8AE9EC00E444C8 /* Cairo-ExtraBold.ttf in Resources */ = {isa = PBXBuildFile; fileRef = 18C3BFCF2B8AE9EC00E444C8 /* Cairo-ExtraBold.ttf */; };
		18C3BFDC2B8AE9EC00E444C8 /* Cairo-ExtraLight.ttf in Resources */ = {isa = PBXBuildFile; fileRef = 18C3BFD02B8AE9EC00E444C8 /* Cairo-ExtraLight.ttf */; };
		18C3BFDD2B8AE9EC00E444C8 /* Cairo-SemiBold.ttf in Resources */ = {isa = PBXBuildFile; fileRef = 18C3BFD12B8AE9EC00E444C8 /* Cairo-SemiBold.ttf */; };
		18C3BFDE2B8AE9EC00E444C8 /* Cairo-Medium.ttf in Resources */ = {isa = PBXBuildFile; fileRef = 18C3BFD22B8AE9EC00E444C8 /* Cairo-Medium.ttf */; };
		18C3BFDF2B8AE9EC00E444C8 /* OpenSans-Italic.ttf in Resources */ = {isa = PBXBuildFile; fileRef = 18C3BFD32B8AE9EC00E444C8 /* OpenSans-Italic.ttf */; };
		18C3BFE02B8AE9EC00E444C8 /* Cairo-Regular.ttf in Resources */ = {isa = PBXBuildFile; fileRef = 18C3BFD42B8AE9EC00E444C8 /* Cairo-Regular.ttf */; };
		18C3BFE12B8AE9EC00E444C8 /* Cairo-Light.ttf in Resources */ = {isa = PBXBuildFile; fileRef = 18C3BFD52B8AE9EC00E444C8 /* Cairo-Light.ttf */; };
		18C3BFE22B8AE9EC00E444C8 /* Cairo-Black.ttf in Resources */ = {isa = PBXBuildFile; fileRef = 18C3BFD62B8AE9EC00E444C8 /* Cairo-Black.ttf */; };
		18C3BFE32B8AE9EC00E444C8 /* Cairo-Bold.ttf in Resources */ = {isa = PBXBuildFile; fileRef = 18C3BFD72B8AE9EC00E444C8 /* Cairo-Bold.ttf */; };
		18C3BFE42B8AE9EC00E444C8 /* OpenSans-SemiBoldItalic.ttf in Resources */ = {isa = PBXBuildFile; fileRef = 18C3BFD82B8AE9EC00E444C8 /* OpenSans-SemiBoldItalic.ttf */; };
		18C3BFE52B8AE9EC00E444C8 /* OpenSans-Regular.ttf in Resources */ = {isa = PBXBuildFile; fileRef = 18C3BFD92B8AE9EC00E444C8 /* OpenSans-Regular.ttf */; };
		18C3BFE92B8B6FA100E444C8 /* BudgetSystemService+ConfigTests.swift in Sources */ = {isa = PBXBuildFile; fileRef = 18C3BFE82B8B6FA100E444C8 /* BudgetSystemService+ConfigTests.swift */; };
/* End PBXBuildFile section */

/* Begin PBXContainerItemProxy section */
		184DF0C52B6E1C3F00BA6F21 /* PBXContainerItemProxy */ = {
			isa = PBXContainerItemProxy;
			containerPortal = 184DF0AB2B6E1C3E00BA6F21 /* Project object */;
			proxyType = 1;
			remoteGlobalIDString = 184DF0B22B6E1C3E00BA6F21;
			remoteInfo = Reports;
		};
		184DF0CF2B6E1C3F00BA6F21 /* PBXContainerItemProxy */ = {
			isa = PBXContainerItemProxy;
			containerPortal = 184DF0AB2B6E1C3E00BA6F21 /* Project object */;
			proxyType = 1;
			remoteGlobalIDString = 184DF0B22B6E1C3E00BA6F21;
			remoteInfo = Reports;
		};
/* End PBXContainerItemProxy section */

/* Begin PBXFileReference section */
		1800034C2BD6919B003C2804 /* ReportView.swift */ = {isa = PBXFileReference; lastKnownFileType = sourcecode.swift; path = ReportView.swift; sourceTree = "<group>"; };
		180003502BD796D0003C2804 /* MockDataStubs.swift */ = {isa = PBXFileReference; lastKnownFileType = sourcecode.swift; path = MockDataStubs.swift; sourceTree = "<group>"; };
		180003542BD8D40E003C2804 /* TabulatedDataItem.swift */ = {isa = PBXFileReference; lastKnownFileType = sourcecode.swift; path = TabulatedDataItem.swift; sourceTree = "<group>"; };
		183ECBC02B70E0B6006C45B2 /* KeyValueStore.swift */ = {isa = PBXFileReference; lastKnownFileType = sourcecode.swift; path = KeyValueStore.swift; sourceTree = "<group>"; };
		183ECBC22B70E0E3006C45B2 /* InMemoryKeyValueStore.swift */ = {isa = PBXFileReference; lastKnownFileType = sourcecode.swift; path = InMemoryKeyValueStore.swift; sourceTree = "<group>"; };
		183ECBC42B70E10C006C45B2 /* Atomic.swift */ = {isa = PBXFileReference; lastKnownFileType = sourcecode.swift; path = Atomic.swift; sourceTree = "<group>"; };
		183ECBC62B70E5DD006C45B2 /* SecureKeyValueStore.swift */ = {isa = PBXFileReference; lastKnownFileType = sourcecode.swift; path = SecureKeyValueStore.swift; sourceTree = "<group>"; };
		183ECBCC2B724835006C45B2 /* SecureKeyValueStoreTests.swift */ = {isa = PBXFileReference; lastKnownFileType = sourcecode.swift; path = SecureKeyValueStoreTests.swift; sourceTree = "<group>"; };
		183ECBCE2B724CA1006C45B2 /* Reports.xctestplan */ = {isa = PBXFileReference; lastKnownFileType = text; path = Reports.xctestplan; sourceTree = "<group>"; };
		183ECBD82B747085006C45B2 /* FloatingTitleRow.swift */ = {isa = PBXFileReference; fileEncoding = 4; lastKnownFileType = sourcecode.swift; path = FloatingTitleRow.swift; sourceTree = "<group>"; };
		183ECBD92B747085006C45B2 /* SelectListView.swift */ = {isa = PBXFileReference; fileEncoding = 4; lastKnownFileType = sourcecode.swift; path = SelectListView.swift; sourceTree = "<group>"; };
		183ECBDB2B747085006C45B2 /* Typography.swift */ = {isa = PBXFileReference; fileEncoding = 4; lastKnownFileType = sourcecode.swift; path = Typography.swift; sourceTree = "<group>"; };
		183ECBE82B747460006C45B2 /* String+Additions.swift */ = {isa = PBXFileReference; fileEncoding = 4; lastKnownFileType = sourcecode.swift; path = "String+Additions.swift"; sourceTree = "<group>"; };
		183ECBE92B747460006C45B2 /* Collection+Additions.swift */ = {isa = PBXFileReference; fileEncoding = 4; lastKnownFileType = sourcecode.swift; path = "Collection+Additions.swift"; sourceTree = "<group>"; };
		183ECBEA2B747460006C45B2 /* Array+Safe.swift */ = {isa = PBXFileReference; fileEncoding = 4; lastKnownFileType = sourcecode.swift; path = "Array+Safe.swift"; sourceTree = "<group>"; };
		183ECBF02B748E90006C45B2 /* HorizontalDivider.swift */ = {isa = PBXFileReference; lastKnownFileType = sourcecode.swift; path = HorizontalDivider.swift; sourceTree = "<group>"; };
		184DF0B32B6E1C3E00BA6F21 /* Reports.app */ = {isa = PBXFileReference; explicitFileType = wrapper.application; includeInIndex = 0; path = Reports.app; sourceTree = BUILT_PRODUCTS_DIR; };
		184DF0B62B6E1C3E00BA6F21 /* ReportsApp.swift */ = {isa = PBXFileReference; lastKnownFileType = sourcecode.swift; path = ReportsApp.swift; sourceTree = "<group>"; };
		184DF0BA2B6E1C3E00BA6F21 /* Assets.xcassets */ = {isa = PBXFileReference; lastKnownFileType = folder.assetcatalog; path = Assets.xcassets; sourceTree = "<group>"; };
		184DF0BC2B6E1C3E00BA6F21 /* Reports.entitlements */ = {isa = PBXFileReference; lastKnownFileType = text.plist.entitlements; path = Reports.entitlements; sourceTree = "<group>"; };
		184DF0BE2B6E1C3E00BA6F21 /* Preview Assets.xcassets */ = {isa = PBXFileReference; lastKnownFileType = folder.assetcatalog; path = "Preview Assets.xcassets"; sourceTree = "<group>"; };
		184DF0C42B6E1C3F00BA6F21 /* ReportsTests.xctest */ = {isa = PBXFileReference; explicitFileType = wrapper.cfbundle; includeInIndex = 0; path = ReportsTests.xctest; sourceTree = BUILT_PRODUCTS_DIR; };
		184DF0C82B6E1C3F00BA6F21 /* ReportsTests.swift */ = {isa = PBXFileReference; lastKnownFileType = sourcecode.swift; path = ReportsTests.swift; sourceTree = "<group>"; };
		184DF0CE2B6E1C3F00BA6F21 /* ReportsUITests.xctest */ = {isa = PBXFileReference; explicitFileType = wrapper.cfbundle; includeInIndex = 0; path = ReportsUITests.xctest; sourceTree = BUILT_PRODUCTS_DIR; };
		184DF0D22B6E1C3F00BA6F21 /* ReportsUITests.swift */ = {isa = PBXFileReference; lastKnownFileType = sourcecode.swift; path = ReportsUITests.swift; sourceTree = "<group>"; };
		184DF0D42B6E1C3F00BA6F21 /* ReportsUITestsLaunchTests.swift */ = {isa = PBXFileReference; lastKnownFileType = sourcecode.swift; path = ReportsUITestsLaunchTests.swift; sourceTree = "<group>"; };
		184DF0E12B6E1D3500BA6F21 /* BudgetSystemService */ = {isa = PBXFileReference; lastKnownFileType = wrapper; name = BudgetSystemService; path = Packages/BudgetSystemService; sourceTree = "<group>"; };
		186A80E62BC9F8450015FFC7 /* ChartButtonView.swift */ = {isa = PBXFileReference; lastKnownFileType = sourcecode.swift; path = ChartButtonView.swift; sourceTree = "<group>"; };
		186A80EA2BCA57F90015FFC7 /* BackgroundShadowViewModifier.swift */ = {isa = PBXFileReference; lastKnownFileType = sourcecode.swift; path = BackgroundShadowViewModifier.swift; sourceTree = "<group>"; };
		186A80F12BCBF4990015FFC7 /* ViewRectReader.swift */ = {isa = PBXFileReference; lastKnownFileType = sourcecode.swift; path = ViewRectReader.swift; sourceTree = "<group>"; };
		186A80F42BCC013F0015FFC7 /* BottomShadowViewModifier.swift */ = {isa = PBXFileReference; lastKnownFileType = sourcecode.swift; path = BottomShadowViewModifier.swift; sourceTree = "<group>"; };
		186A80FC2BCCC5DE0015FFC7 /* ReportInputView.swift */ = {isa = PBXFileReference; lastKnownFileType = sourcecode.swift; path = ReportInputView.swift; sourceTree = "<group>"; };
		186E8A1C2B99631200E65BDE /* BaseConfig.xcconfig */ = {isa = PBXFileReference; lastKnownFileType = text.xcconfig; path = BaseConfig.xcconfig; sourceTree = "<group>"; };
		186E8A1D2B99872F00E65BDE /* ConfigProvider.swift */ = {isa = PBXFileReference; lastKnownFileType = sourcecode.swift; path = ConfigProvider.swift; sourceTree = "<group>"; };
		186E8A1F2B998C2A00E65BDE /* ConfigProviderTests.swift */ = {isa = PBXFileReference; lastKnownFileType = sourcecode.swift; path = ConfigProviderTests.swift; sourceTree = "<group>"; };
		186E8A212B9AEDB100E65BDE /* MainTabView.swift */ = {isa = PBXFileReference; lastKnownFileType = sourcecode.swift; path = MainTabView.swift; sourceTree = "<group>"; };
		186E8A232B9AF45200E65BDE /* HomeView.swift */ = {isa = PBXFileReference; lastKnownFileType = sourcecode.swift; path = HomeView.swift; sourceTree = "<group>"; };
		186E8A302B9B169C00E65BDE /* CGFloat+DesignStyleMetrics.swift */ = {isa = PBXFileReference; lastKnownFileType = sourcecode.swift; path = "CGFloat+DesignStyleMetrics.swift"; sourceTree = "<group>"; };
		186E8A372B9B34BA00E65BDE /* ListRowButtonStyle.swift */ = {isa = PBXFileReference; lastKnownFileType = sourcecode.swift; path = ListRowButtonStyle.swift; sourceTree = "<group>"; };
		186E8A3F2B9BE5E800E65BDE /* ListStyleViewModifier.swift */ = {isa = PBXFileReference; lastKnownFileType = sourcecode.swift; path = ListStyleViewModifier.swift; sourceTree = "<group>"; };
		186E8A432B9C3AD500E65BDE /* KleonButtonStyle.swift */ = {isa = PBXFileReference; lastKnownFileType = sourcecode.swift; path = KleonButtonStyle.swift; sourceTree = "<group>"; };
		186E8A452B9C4BB500E65BDE /* Color+Adjust.swift */ = {isa = PBXFileReference; lastKnownFileType = sourcecode.swift; path = "Color+Adjust.swift"; sourceTree = "<group>"; };
		1882CF4D2BDE3D7200EA0B05 /* Localizable.xcstrings */ = {isa = PBXFileReference; lastKnownFileType = text.json.xcstrings; path = Localizable.xcstrings; sourceTree = "<group>"; };
		1894264A2BDFB6D700C06018 /* AppStrings.swift */ = {isa = PBXFileReference; lastKnownFileType = sourcecode.swift; path = AppStrings.swift; sourceTree = "<group>"; };
		189641AE2B9C72BE00716258 /* AnimationConstants.swift */ = {isa = PBXFileReference; lastKnownFileType = sourcecode.swift; path = AnimationConstants.swift; sourceTree = "<group>"; };
		189641BA2B9C8CFD00716258 /* ReportChart.swift */ = {isa = PBXFileReference; lastKnownFileType = sourcecode.swift; path = ReportChart.swift; sourceTree = "<group>"; };
		189641BD2B9D675900716258 /* SettingsView.swift */ = {isa = PBXFileReference; lastKnownFileType = sourcecode.swift; path = SettingsView.swift; sourceTree = "<group>"; };
		189641C02B9D67CE00716258 /* SavedReportsView.swift */ = {isa = PBXFileReference; lastKnownFileType = sourcecode.swift; path = SavedReportsView.swift; sourceTree = "<group>"; };
		18A514C22BCFF5FC00B072DE /* MoneyCommon */ = {isa = PBXFileReference; lastKnownFileType = wrapper; name = MoneyCommon; path = Packages/MoneyCommon; sourceTree = "<group>"; };
		18A514C82BD5001300B072DE /* SpendingTotalChartView.swift */ = {isa = PBXFileReference; lastKnownFileType = sourcecode.swift; path = SpendingTotalChartView.swift; sourceTree = "<group>"; };
		18C3BFAE2B806A7500E444C8 /* Info.plist */ = {isa = PBXFileReference; lastKnownFileType = text.plist; path = Info.plist; sourceTree = "<group>"; };
		18C3BFAF2B81874000E444C8 /* AppIntroLoginView.swift */ = {isa = PBXFileReference; lastKnownFileType = sourcecode.swift; path = AppIntroLoginView.swift; sourceTree = "<group>"; };
		18C3BFB12B820AEA00E444C8 /* SFSafariView.swift */ = {isa = PBXFileReference; lastKnownFileType = sourcecode.swift; path = SFSafariView.swift; sourceTree = "<group>"; };
		18C3BFB62B820DD000E444C8 /* Binding+Additions.swift */ = {isa = PBXFileReference; lastKnownFileType = sourcecode.swift; path = "Binding+Additions.swift"; sourceTree = "<group>"; };
		18C3BFBE2B82370B00E444C8 /* BudgetSystemService+Config.swift */ = {isa = PBXFileReference; lastKnownFileType = sourcecode.swift; path = "BudgetSystemService+Config.swift"; sourceTree = "<group>"; };
		18C3BFC02B83993200E444C8 /* URL+Additions.swift */ = {isa = PBXFileReference; lastKnownFileType = sourcecode.swift; path = "URL+Additions.swift"; sourceTree = "<group>"; };
		18C3BFC22B8399C600E444C8 /* URLTests.swift */ = {isa = PBXFileReference; lastKnownFileType = sourcecode.swift; path = URLTests.swift; sourceTree = "<group>"; };
		18C3BFCA2B87522200E444C8 /* Logger.swift */ = {isa = PBXFileReference; lastKnownFileType = sourcecode.swift; path = Logger.swift; sourceTree = "<group>"; };
		18C3BFCE2B8AE9EC00E444C8 /* OpenSans-SemiBold.ttf */ = {isa = PBXFileReference; lastKnownFileType = file; path = "OpenSans-SemiBold.ttf"; sourceTree = "<group>"; };
		18C3BFCF2B8AE9EC00E444C8 /* Cairo-ExtraBold.ttf */ = {isa = PBXFileReference; lastKnownFileType = file; path = "Cairo-ExtraBold.ttf"; sourceTree = "<group>"; };
		18C3BFD02B8AE9EC00E444C8 /* Cairo-ExtraLight.ttf */ = {isa = PBXFileReference; lastKnownFileType = file; path = "Cairo-ExtraLight.ttf"; sourceTree = "<group>"; };
		18C3BFD12B8AE9EC00E444C8 /* Cairo-SemiBold.ttf */ = {isa = PBXFileReference; lastKnownFileType = file; path = "Cairo-SemiBold.ttf"; sourceTree = "<group>"; };
		18C3BFD22B8AE9EC00E444C8 /* Cairo-Medium.ttf */ = {isa = PBXFileReference; lastKnownFileType = file; path = "Cairo-Medium.ttf"; sourceTree = "<group>"; };
		18C3BFD32B8AE9EC00E444C8 /* OpenSans-Italic.ttf */ = {isa = PBXFileReference; lastKnownFileType = file; path = "OpenSans-Italic.ttf"; sourceTree = "<group>"; };
		18C3BFD42B8AE9EC00E444C8 /* Cairo-Regular.ttf */ = {isa = PBXFileReference; lastKnownFileType = file; path = "Cairo-Regular.ttf"; sourceTree = "<group>"; };
		18C3BFD52B8AE9EC00E444C8 /* Cairo-Light.ttf */ = {isa = PBXFileReference; lastKnownFileType = file; path = "Cairo-Light.ttf"; sourceTree = "<group>"; };
		18C3BFD62B8AE9EC00E444C8 /* Cairo-Black.ttf */ = {isa = PBXFileReference; lastKnownFileType = file; path = "Cairo-Black.ttf"; sourceTree = "<group>"; };
		18C3BFD72B8AE9EC00E444C8 /* Cairo-Bold.ttf */ = {isa = PBXFileReference; lastKnownFileType = file; path = "Cairo-Bold.ttf"; sourceTree = "<group>"; };
		18C3BFD82B8AE9EC00E444C8 /* OpenSans-SemiBoldItalic.ttf */ = {isa = PBXFileReference; lastKnownFileType = file; path = "OpenSans-SemiBoldItalic.ttf"; sourceTree = "<group>"; };
		18C3BFD92B8AE9EC00E444C8 /* OpenSans-Regular.ttf */ = {isa = PBXFileReference; lastKnownFileType = file; path = "OpenSans-Regular.ttf"; sourceTree = "<group>"; };
		18C3BFE62B8B5F4E00E444C8 /* BudgetSystemService.xctestplan */ = {isa = PBXFileReference; lastKnownFileType = text; name = BudgetSystemService.xctestplan; path = Packages/BudgetSystemService/BudgetSystemService.xctestplan; sourceTree = "<group>"; };
		18C3BFE82B8B6FA100E444C8 /* BudgetSystemService+ConfigTests.swift */ = {isa = PBXFileReference; lastKnownFileType = sourcecode.swift; path = "BudgetSystemService+ConfigTests.swift"; sourceTree = "<group>"; };
/* End PBXFileReference section */

/* Begin PBXFrameworksBuildPhase section */
		184DF0B02B6E1C3E00BA6F21 /* Frameworks */ = {
			isa = PBXFrameworksBuildPhase;
			buildActionMask = 2147483647;
			files = (
				183ECBCA2B70E70B006C45B2 /* KeychainSwift in Frameworks */,
				183ECBB92B6F092B006C45B2 /* BudgetSystemService in Frameworks */,
				183ECBE62B74738B006C45B2 /* ComposableArchitecture in Frameworks */,
			);
			runOnlyForDeploymentPostprocessing = 0;
		};
		184DF0C12B6E1C3F00BA6F21 /* Frameworks */ = {
			isa = PBXFrameworksBuildPhase;
			buildActionMask = 2147483647;
			files = (
			);
			runOnlyForDeploymentPostprocessing = 0;
		};
		184DF0CB2B6E1C3F00BA6F21 /* Frameworks */ = {
			isa = PBXFrameworksBuildPhase;
			buildActionMask = 2147483647;
			files = (
			);
			runOnlyForDeploymentPostprocessing = 0;
		};
/* End PBXFrameworksBuildPhase section */

/* Begin PBXGroup section */
		183ECBB72B6F092B006C45B2 /* Frameworks */ = {
			isa = PBXGroup;
			children = (
			);
			name = Frameworks;
			sourceTree = "<group>";
		};
		183ECBBD2B70DFE1006C45B2 /* KeyValueStore */ = {
			isa = PBXGroup;
			children = (
				183ECBC42B70E10C006C45B2 /* Atomic.swift */,
				183ECBC22B70E0E3006C45B2 /* InMemoryKeyValueStore.swift */,
				183ECBC02B70E0B6006C45B2 /* KeyValueStore.swift */,
				183ECBC62B70E5DD006C45B2 /* SecureKeyValueStore.swift */,
			);
			path = KeyValueStore;
			sourceTree = "<group>";
		};
		183ECBCB2B710FC0006C45B2 /* KeyValueStore */ = {
			isa = PBXGroup;
			children = (
				183ECBCC2B724835006C45B2 /* SecureKeyValueStoreTests.swift */,
			);
			path = KeyValueStore;
			sourceTree = "<group>";
		};
		183ECBCF2B746F23006C45B2 /* Views */ = {
			isa = PBXGroup;
			children = (
				18A514C42BD3652F00B072DE /* ReportViews */,
				18C3BFAF2B81874000E444C8 /* AppIntroLoginView.swift */,
				18C3BFB12B820AEA00E444C8 /* SFSafariView.swift */,
				186E8A212B9AEDB100E65BDE /* MainTabView.swift */,
				186E8A232B9AF45200E65BDE /* HomeView.swift */,
				189641BD2B9D675900716258 /* SettingsView.swift */,
				189641C02B9D67CE00716258 /* SavedReportsView.swift */,
				186A80E62BC9F8450015FFC7 /* ChartButtonView.swift */,
			);
			path = Views;
			sourceTree = "<group>";
		};
		183ECBD02B74701D006C45B2 /* UI */ = {
			isa = PBXGroup;
			children = (
				183ECBD42B747085006C45B2 /* KleonDesignSystem */,
				183ECBCF2B746F23006C45B2 /* Views */,
			);
			path = UI;
			sourceTree = "<group>";
		};
		183ECBD42B747085006C45B2 /* KleonDesignSystem */ = {
			isa = PBXGroup;
			children = (
				183ECBD52B747085006C45B2 /* Style */,
				183ECBDA2B747085006C45B2 /* Font */,
				183ECBD72B747085006C45B2 /* UIComponents */,
				186E8A302B9B169C00E65BDE /* CGFloat+DesignStyleMetrics.swift */,
				186E8A452B9C4BB500E65BDE /* Color+Adjust.swift */,
				189641AE2B9C72BE00716258 /* AnimationConstants.swift */,
				186A80EA2BCA57F90015FFC7 /* BackgroundShadowViewModifier.swift */,
				186A80F12BCBF4990015FFC7 /* ViewRectReader.swift */,
				186A80F42BCC013F0015FFC7 /* BottomShadowViewModifier.swift */,
			);
			path = KleonDesignSystem;
			sourceTree = "<group>";
		};
		183ECBD52B747085006C45B2 /* Style */ = {
			isa = PBXGroup;
			children = (
				186E8A372B9B34BA00E65BDE /* ListRowButtonStyle.swift */,
				186E8A3F2B9BE5E800E65BDE /* ListStyleViewModifier.swift */,
				186E8A432B9C3AD500E65BDE /* KleonButtonStyle.swift */,
			);
			path = Style;
			sourceTree = "<group>";
		};
		183ECBD72B747085006C45B2 /* UIComponents */ = {
			isa = PBXGroup;
			children = (
				183ECBD82B747085006C45B2 /* FloatingTitleRow.swift */,
				183ECBD92B747085006C45B2 /* SelectListView.swift */,
				183ECBF02B748E90006C45B2 /* HorizontalDivider.swift */,
			);
			path = UIComponents;
			sourceTree = "<group>";
		};
		183ECBDA2B747085006C45B2 /* Font */ = {
			isa = PBXGroup;
			children = (
				183ECBDB2B747085006C45B2 /* Typography.swift */,
			);
			path = Font;
			sourceTree = "<group>";
		};
		183ECBE72B747460006C45B2 /* Additions */ = {
			isa = PBXGroup;
			children = (
				183ECBEA2B747460006C45B2 /* Array+Safe.swift */,
				18C3BFB62B820DD000E444C8 /* Binding+Additions.swift */,
				18C3BFBE2B82370B00E444C8 /* BudgetSystemService+Config.swift */,
				183ECBE92B747460006C45B2 /* Collection+Additions.swift */,
				183ECBE82B747460006C45B2 /* String+Additions.swift */,
				18C3BFC02B83993200E444C8 /* URL+Additions.swift */,
			);
			path = Additions;
			sourceTree = "<group>";
		};
		184DF0AA2B6E1C3E00BA6F21 = {
			isa = PBXGroup;
			children = (
				18C3BFE62B8B5F4E00E444C8 /* BudgetSystemService.xctestplan */,
				183ECBCE2B724CA1006C45B2 /* Reports.xctestplan */,
				184DF0E12B6E1D3500BA6F21 /* BudgetSystemService */,
				18A514C22BCFF5FC00B072DE /* MoneyCommon */,
				184DF0B52B6E1C3E00BA6F21 /* Reports */,
				184DF0C72B6E1C3F00BA6F21 /* ReportsTests */,
				184DF0D12B6E1C3F00BA6F21 /* ReportsUITests */,
				184DF0B42B6E1C3E00BA6F21 /* Products */,
				183ECBB72B6F092B006C45B2 /* Frameworks */,
			);
			sourceTree = "<group>";
		};
		184DF0B42B6E1C3E00BA6F21 /* Products */ = {
			isa = PBXGroup;
			children = (
				184DF0B32B6E1C3E00BA6F21 /* Reports.app */,
				184DF0C42B6E1C3F00BA6F21 /* ReportsTests.xctest */,
				184DF0CE2B6E1C3F00BA6F21 /* ReportsUITests.xctest */,
			);
			name = Products;
			sourceTree = "<group>";
		};
		184DF0B52B6E1C3E00BA6F21 /* Reports */ = {
			isa = PBXGroup;
			children = (
				18C3BFAE2B806A7500E444C8 /* Info.plist */,
				18C3BFBB2B82309200E444C8 /* App */,
				183ECBE72B747460006C45B2 /* Additions */,
				189641B62B9C8CC000716258 /* Model */,
				183ECBBD2B70DFE1006C45B2 /* KeyValueStore */,
				18C3BFCC2B8AE9EC00E444C8 /* Resources */,
				183ECBD02B74701D006C45B2 /* UI */,
				184DF0BA2B6E1C3E00BA6F21 /* Assets.xcassets */,
				184DF0BC2B6E1C3E00BA6F21 /* Reports.entitlements */,
				184DF0BD2B6E1C3E00BA6F21 /* Preview Content */,
			);
			path = Reports;
			sourceTree = "<group>";
		};
		184DF0BD2B6E1C3E00BA6F21 /* Preview Content */ = {
			isa = PBXGroup;
			children = (
				184DF0BE2B6E1C3E00BA6F21 /* Preview Assets.xcassets */,
			);
			path = "Preview Content";
			sourceTree = "<group>";
		};
		184DF0C72B6E1C3F00BA6F21 /* ReportsTests */ = {
			isa = PBXGroup;
			children = (
				18C3BFE72B8B6F9200E444C8 /* Additons */,
				183ECBCB2B710FC0006C45B2 /* KeyValueStore */,
				184DF0C82B6E1C3F00BA6F21 /* ReportsTests.swift */,
				186E8A1F2B998C2A00E65BDE /* ConfigProviderTests.swift */,
			);
			path = ReportsTests;
			sourceTree = "<group>";
		};
		184DF0D12B6E1C3F00BA6F21 /* ReportsUITests */ = {
			isa = PBXGroup;
			children = (
				184DF0D22B6E1C3F00BA6F21 /* ReportsUITests.swift */,
				184DF0D42B6E1C3F00BA6F21 /* ReportsUITestsLaunchTests.swift */,
			);
			path = ReportsUITests;
			sourceTree = "<group>";
		};
		189641B62B9C8CC000716258 /* Model */ = {
			isa = PBXGroup;
			children = (
				189641BA2B9C8CFD00716258 /* ReportChart.swift */,
				180003502BD796D0003C2804 /* MockDataStubs.swift */,
			);
			path = Model;
			sourceTree = "<group>";
		};
		18A514C42BD3652F00B072DE /* ReportViews */ = {
			isa = PBXGroup;
			children = (
				1800034C2BD6919B003C2804 /* ReportView.swift */,
				186A80FC2BCCC5DE0015FFC7 /* ReportInputView.swift */,
				18A514C82BD5001300B072DE /* SpendingTotalChartView.swift */,
				180003542BD8D40E003C2804 /* TabulatedDataItem.swift */,
			);
			path = ReportViews;
			sourceTree = "<group>";
		};
		18C3BFBB2B82309200E444C8 /* App */ = {
			isa = PBXGroup;
			children = (
				184DF0B62B6E1C3E00BA6F21 /* ReportsApp.swift */,
				18C3BFCA2B87522200E444C8 /* Logger.swift */,
				186E8A1D2B99872F00E65BDE /* ConfigProvider.swift */,
				1894264A2BDFB6D700C06018 /* AppStrings.swift */,
			);
			path = App;
			sourceTree = "<group>";
		};
		18C3BFCC2B8AE9EC00E444C8 /* Resources */ = {
			isa = PBXGroup;
			children = (
				18C3BFCD2B8AE9EC00E444C8 /* Fonts */,
				186E8A1C2B99631200E65BDE /* BaseConfig.xcconfig */,
				1882CF4D2BDE3D7200EA0B05 /* Localizable.xcstrings */,
			);
			path = Resources;
			sourceTree = "<group>";
		};
		18C3BFCD2B8AE9EC00E444C8 /* Fonts */ = {
			isa = PBXGroup;
			children = (
				18C3BFCE2B8AE9EC00E444C8 /* OpenSans-SemiBold.ttf */,
				18C3BFCF2B8AE9EC00E444C8 /* Cairo-ExtraBold.ttf */,
				18C3BFD02B8AE9EC00E444C8 /* Cairo-ExtraLight.ttf */,
				18C3BFD12B8AE9EC00E444C8 /* Cairo-SemiBold.ttf */,
				18C3BFD22B8AE9EC00E444C8 /* Cairo-Medium.ttf */,
				18C3BFD32B8AE9EC00E444C8 /* OpenSans-Italic.ttf */,
				18C3BFD42B8AE9EC00E444C8 /* Cairo-Regular.ttf */,
				18C3BFD52B8AE9EC00E444C8 /* Cairo-Light.ttf */,
				18C3BFD62B8AE9EC00E444C8 /* Cairo-Black.ttf */,
				18C3BFD72B8AE9EC00E444C8 /* Cairo-Bold.ttf */,
				18C3BFD82B8AE9EC00E444C8 /* OpenSans-SemiBoldItalic.ttf */,
				18C3BFD92B8AE9EC00E444C8 /* OpenSans-Regular.ttf */,
			);
			path = Fonts;
			sourceTree = "<group>";
		};
		18C3BFE72B8B6F9200E444C8 /* Additons */ = {
			isa = PBXGroup;
			children = (
				18C3BFE82B8B6FA100E444C8 /* BudgetSystemService+ConfigTests.swift */,
				18C3BFC22B8399C600E444C8 /* URLTests.swift */,
			);
			path = Additons;
			sourceTree = "<group>";
		};
/* End PBXGroup section */

/* Begin PBXNativeTarget section */
		184DF0B22B6E1C3E00BA6F21 /* Reports */ = {
			isa = PBXNativeTarget;
			buildConfigurationList = 184DF0D82B6E1C3F00BA6F21 /* Build configuration list for PBXNativeTarget "Reports" */;
			buildPhases = (
				184DF0AF2B6E1C3E00BA6F21 /* Sources */,
				184DF0B02B6E1C3E00BA6F21 /* Frameworks */,
				184DF0B12B6E1C3E00BA6F21 /* Resources */,
				183ECBF22B74F073006C45B2 /* Swiftlint */,
			);
			buildRules = (
			);
			dependencies = (
			);
			name = Reports;
			packageProductDependencies = (
				183ECBB82B6F092B006C45B2 /* BudgetSystemService */,
				183ECBC92B70E70B006C45B2 /* KeychainSwift */,
				183ECBE52B74738B006C45B2 /* ComposableArchitecture */,
			);
			productName = Reports;
			productReference = 184DF0B32B6E1C3E00BA6F21 /* Reports.app */;
			productType = "com.apple.product-type.application";
		};
		184DF0C32B6E1C3F00BA6F21 /* ReportsTests */ = {
			isa = PBXNativeTarget;
			buildConfigurationList = 184DF0DB2B6E1C3F00BA6F21 /* Build configuration list for PBXNativeTarget "ReportsTests" */;
			buildPhases = (
				184DF0C02B6E1C3F00BA6F21 /* Sources */,
				184DF0C12B6E1C3F00BA6F21 /* Frameworks */,
				184DF0C22B6E1C3F00BA6F21 /* Resources */,
			);
			buildRules = (
			);
			dependencies = (
				184DF0C62B6E1C3F00BA6F21 /* PBXTargetDependency */,
			);
			name = ReportsTests;
			productName = ReportsTests;
			productReference = 184DF0C42B6E1C3F00BA6F21 /* ReportsTests.xctest */;
			productType = "com.apple.product-type.bundle.unit-test";
		};
		184DF0CD2B6E1C3F00BA6F21 /* ReportsUITests */ = {
			isa = PBXNativeTarget;
			buildConfigurationList = 184DF0DE2B6E1C3F00BA6F21 /* Build configuration list for PBXNativeTarget "ReportsUITests" */;
			buildPhases = (
				184DF0CA2B6E1C3F00BA6F21 /* Sources */,
				184DF0CB2B6E1C3F00BA6F21 /* Frameworks */,
				184DF0CC2B6E1C3F00BA6F21 /* Resources */,
			);
			buildRules = (
			);
			dependencies = (
				184DF0D02B6E1C3F00BA6F21 /* PBXTargetDependency */,
			);
			name = ReportsUITests;
			productName = ReportsUITests;
			productReference = 184DF0CE2B6E1C3F00BA6F21 /* ReportsUITests.xctest */;
			productType = "com.apple.product-type.bundle.ui-testing";
		};
/* End PBXNativeTarget section */

/* Begin PBXProject section */
		184DF0AB2B6E1C3E00BA6F21 /* Project object */ = {
			isa = PBXProject;
			attributes = {
				BuildIndependentTargetsInParallel = 1;
				LastSwiftUpdateCheck = 1520;
				LastUpgradeCheck = 1530;
				TargetAttributes = {
					184DF0B22B6E1C3E00BA6F21 = {
						CreatedOnToolsVersion = 15.2;
					};
					184DF0C32B6E1C3F00BA6F21 = {
						CreatedOnToolsVersion = 15.2;
						TestTargetID = 184DF0B22B6E1C3E00BA6F21;
					};
					184DF0CD2B6E1C3F00BA6F21 = {
						CreatedOnToolsVersion = 15.2;
						TestTargetID = 184DF0B22B6E1C3E00BA6F21;
					};
				};
			};
			buildConfigurationList = 184DF0AE2B6E1C3E00BA6F21 /* Build configuration list for PBXProject "Reports" */;
			compatibilityVersion = "Xcode 14.0";
			developmentRegion = en;
			hasScannedForEncodings = 0;
			knownRegions = (
				en,
				Base,
			);
			mainGroup = 184DF0AA2B6E1C3E00BA6F21;
			packageReferences = (
				183ECBC82B70E70B006C45B2 /* XCRemoteSwiftPackageReference "keychain-swift" */,
				183ECBE42B74738B006C45B2 /* XCRemoteSwiftPackageReference "swift-composable-architecture" */,
			);
			productRefGroup = 184DF0B42B6E1C3E00BA6F21 /* Products */;
			projectDirPath = "";
			projectRoot = "";
			targets = (
				184DF0B22B6E1C3E00BA6F21 /* Reports */,
				184DF0C32B6E1C3F00BA6F21 /* ReportsTests */,
				184DF0CD2B6E1C3F00BA6F21 /* ReportsUITests */,
			);
		};
/* End PBXProject section */

/* Begin PBXResourcesBuildPhase section */
		184DF0B12B6E1C3E00BA6F21 /* Resources */ = {
			isa = PBXResourcesBuildPhase;
			buildActionMask = 2147483647;
			files = (
				18C3BFE12B8AE9EC00E444C8 /* Cairo-Light.ttf in Resources */,
				18C3BFE02B8AE9EC00E444C8 /* Cairo-Regular.ttf in Resources */,
				184DF0BF2B6E1C3E00BA6F21 /* Preview Assets.xcassets in Resources */,
				18C3BFE42B8AE9EC00E444C8 /* OpenSans-SemiBoldItalic.ttf in Resources */,
				18C3BFDF2B8AE9EC00E444C8 /* OpenSans-Italic.ttf in Resources */,
				18C3BFE22B8AE9EC00E444C8 /* Cairo-Black.ttf in Resources */,
				18C3BFDC2B8AE9EC00E444C8 /* Cairo-ExtraLight.ttf in Resources */,
				18C3BFDD2B8AE9EC00E444C8 /* Cairo-SemiBold.ttf in Resources */,
				18C3BFDE2B8AE9EC00E444C8 /* Cairo-Medium.ttf in Resources */,
				18C3BFDA2B8AE9EC00E444C8 /* OpenSans-SemiBold.ttf in Resources */,
				18C3BFE52B8AE9EC00E444C8 /* OpenSans-Regular.ttf in Resources */,
				1882CF4E2BDE3D7200EA0B05 /* Localizable.xcstrings in Resources */,
				184DF0BB2B6E1C3E00BA6F21 /* Assets.xcassets in Resources */,
				18C3BFE32B8AE9EC00E444C8 /* Cairo-Bold.ttf in Resources */,
				18C3BFDB2B8AE9EC00E444C8 /* Cairo-ExtraBold.ttf in Resources */,
			);
			runOnlyForDeploymentPostprocessing = 0;
		};
		184DF0C22B6E1C3F00BA6F21 /* Resources */ = {
			isa = PBXResourcesBuildPhase;
			buildActionMask = 2147483647;
			files = (
			);
			runOnlyForDeploymentPostprocessing = 0;
		};
		184DF0CC2B6E1C3F00BA6F21 /* Resources */ = {
			isa = PBXResourcesBuildPhase;
			buildActionMask = 2147483647;
			files = (
			);
			runOnlyForDeploymentPostprocessing = 0;
		};
/* End PBXResourcesBuildPhase section */

/* Begin PBXShellScriptBuildPhase section */
		183ECBF22B74F073006C45B2 /* Swiftlint */ = {
			isa = PBXShellScriptBuildPhase;
			alwaysOutOfDate = 1;
			buildActionMask = 2147483647;
			files = (
			);
			inputFileListPaths = (
			);
			inputPaths = (
			);
			name = Swiftlint;
			outputFileListPaths = (
			);
			outputPaths = (
			);
			runOnlyForDeploymentPostprocessing = 0;
			shellPath = /bin/zsh;
			shellScript = "export PATH=\"/opt/homebrew/bin:$PATH\"\n\nif which swiftlint >/dev/null; then\n  swiftlint\nelse\n  echo \"warning: SwiftLint not installed, download from https://github.com/realm/SwiftLint\"\nfi\n";
		};
/* End PBXShellScriptBuildPhase section */

/* Begin PBXSourcesBuildPhase section */
		184DF0AF2B6E1C3E00BA6F21 /* Sources */ = {
			isa = PBXSourcesBuildPhase;
			buildActionMask = 2147483647;
			files = (
				189641AF2B9C72BE00716258 /* AnimationConstants.swift in Sources */,
				186A80F22BCBF4990015FFC7 /* ViewRectReader.swift in Sources */,
				1800034D2BD6919B003C2804 /* ReportView.swift in Sources */,
				186E8A442B9C3AD500E65BDE /* KleonButtonStyle.swift in Sources */,
				183ECBE12B747085006C45B2 /* Typography.swift in Sources */,
				18C3BFBF2B82370B00E444C8 /* BudgetSystemService+Config.swift in Sources */,
				189641BB2B9C8CFE00716258 /* ReportChart.swift in Sources */,
				183ECBE02B747085006C45B2 /* SelectListView.swift in Sources */,
				183ECBC12B70E0B6006C45B2 /* KeyValueStore.swift in Sources */,
				183ECBF12B748E90006C45B2 /* HorizontalDivider.swift in Sources */,
				186E8A222B9AEDB100E65BDE /* MainTabView.swift in Sources */,
				186A80E72BC9F8450015FFC7 /* ChartButtonView.swift in Sources */,
				18C3BFCB2B87522200E444C8 /* Logger.swift in Sources */,
				180003512BD796D0003C2804 /* MockDataStubs.swift in Sources */,
				186E8A1E2B99872F00E65BDE /* ConfigProvider.swift in Sources */,
				186E8A402B9BE5E800E65BDE /* ListStyleViewModifier.swift in Sources */,
				186A80FD2BCCC5DE0015FFC7 /* ReportInputView.swift in Sources */,
				184DF0B72B6E1C3E00BA6F21 /* ReportsApp.swift in Sources */,
				183ECBEE2B747460006C45B2 /* Array+Safe.swift in Sources */,
				18C3BFB72B820DD000E444C8 /* Binding+Additions.swift in Sources */,
				18A514C92BD5001300B072DE /* SpendingTotalChartView.swift in Sources */,
				189641BE2B9D675900716258 /* SettingsView.swift in Sources */,
				183ECBC72B70E5DD006C45B2 /* SecureKeyValueStore.swift in Sources */,
				186A80F52BCC013F0015FFC7 /* BottomShadowViewModifier.swift in Sources */,
				183ECBC52B70E10C006C45B2 /* Atomic.swift in Sources */,
				183ECBED2B747460006C45B2 /* Collection+Additions.swift in Sources */,
				186E8A312B9B169C00E65BDE /* CGFloat+DesignStyleMetrics.swift in Sources */,
				1894264B2BDFB6D700C06018 /* AppStrings.swift in Sources */,
				186E8A462B9C4BB500E65BDE /* Color+Adjust.swift in Sources */,
				183ECBC32B70E0E3006C45B2 /* InMemoryKeyValueStore.swift in Sources */,
				18C3BFB02B81874000E444C8 /* AppIntroLoginView.swift in Sources */,
				18C3BFB22B820AEA00E444C8 /* SFSafariView.swift in Sources */,
				186E8A382B9B34BA00E65BDE /* ListRowButtonStyle.swift in Sources */,
				183ECBDF2B747085006C45B2 /* FloatingTitleRow.swift in Sources */,
				183ECBEC2B747460006C45B2 /* String+Additions.swift in Sources */,
				186A80EB2BCA57F90015FFC7 /* BackgroundShadowViewModifier.swift in Sources */,
				180003552BD8D40F003C2804 /* TabulatedDataItem.swift in Sources */,
				186E8A242B9AF45200E65BDE /* HomeView.swift in Sources */,
				189641C12B9D67CE00716258 /* SavedReportsView.swift in Sources */,
				18C3BFC12B83993200E444C8 /* URL+Additions.swift in Sources */,
			);
			runOnlyForDeploymentPostprocessing = 0;
		};
		184DF0C02B6E1C3F00BA6F21 /* Sources */ = {
			isa = PBXSourcesBuildPhase;
			buildActionMask = 2147483647;
			files = (
				183ECBCD2B724835006C45B2 /* SecureKeyValueStoreTests.swift in Sources */,
				18C3BFE92B8B6FA100E444C8 /* BudgetSystemService+ConfigTests.swift in Sources */,
				18C3BFC32B8399C600E444C8 /* URLTests.swift in Sources */,
				184DF0C92B6E1C3F00BA6F21 /* ReportsTests.swift in Sources */,
				186E8A202B998C2A00E65BDE /* ConfigProviderTests.swift in Sources */,
			);
			runOnlyForDeploymentPostprocessing = 0;
		};
		184DF0CA2B6E1C3F00BA6F21 /* Sources */ = {
			isa = PBXSourcesBuildPhase;
			buildActionMask = 2147483647;
			files = (
				184DF0D52B6E1C3F00BA6F21 /* ReportsUITestsLaunchTests.swift in Sources */,
				184DF0D32B6E1C3F00BA6F21 /* ReportsUITests.swift in Sources */,
			);
			runOnlyForDeploymentPostprocessing = 0;
		};
/* End PBXSourcesBuildPhase section */

/* Begin PBXTargetDependency section */
		184DF0C62B6E1C3F00BA6F21 /* PBXTargetDependency */ = {
			isa = PBXTargetDependency;
			target = 184DF0B22B6E1C3E00BA6F21 /* Reports */;
			targetProxy = 184DF0C52B6E1C3F00BA6F21 /* PBXContainerItemProxy */;
		};
		184DF0D02B6E1C3F00BA6F21 /* PBXTargetDependency */ = {
			isa = PBXTargetDependency;
			target = 184DF0B22B6E1C3E00BA6F21 /* Reports */;
			targetProxy = 184DF0CF2B6E1C3F00BA6F21 /* PBXContainerItemProxy */;
		};
/* End PBXTargetDependency section */

/* Begin XCBuildConfiguration section */
		184DF0D62B6E1C3F00BA6F21 /* Debug */ = {
			isa = XCBuildConfiguration;
			baseConfigurationReference = 186E8A1C2B99631200E65BDE /* BaseConfig.xcconfig */;
			buildSettings = {
				ALWAYS_SEARCH_USER_PATHS = NO;
				ASSETCATALOG_COMPILER_GENERATE_SWIFT_ASSET_SYMBOL_EXTENSIONS = YES;
				CLANG_ANALYZER_NONNULL = YES;
				CLANG_ANALYZER_NUMBER_OBJECT_CONVERSION = YES_AGGRESSIVE;
				CLANG_CXX_LANGUAGE_STANDARD = "gnu++20";
				CLANG_ENABLE_MODULES = YES;
				CLANG_ENABLE_OBJC_ARC = YES;
				CLANG_ENABLE_OBJC_WEAK = YES;
				CLANG_WARN_BLOCK_CAPTURE_AUTORELEASING = YES;
				CLANG_WARN_BOOL_CONVERSION = YES;
				CLANG_WARN_COMMA = YES;
				CLANG_WARN_CONSTANT_CONVERSION = YES;
				CLANG_WARN_DEPRECATED_OBJC_IMPLEMENTATIONS = YES;
				CLANG_WARN_DIRECT_OBJC_ISA_USAGE = YES_ERROR;
				CLANG_WARN_DOCUMENTATION_COMMENTS = YES;
				CLANG_WARN_EMPTY_BODY = YES;
				CLANG_WARN_ENUM_CONVERSION = YES;
				CLANG_WARN_INFINITE_RECURSION = YES;
				CLANG_WARN_INT_CONVERSION = YES;
				CLANG_WARN_NON_LITERAL_NULL_CONVERSION = YES;
				CLANG_WARN_OBJC_IMPLICIT_RETAIN_SELF = YES;
				CLANG_WARN_OBJC_LITERAL_CONVERSION = YES;
				CLANG_WARN_OBJC_ROOT_CLASS = YES_ERROR;
				CLANG_WARN_QUOTED_INCLUDE_IN_FRAMEWORK_HEADER = YES;
				CLANG_WARN_RANGE_LOOP_ANALYSIS = YES;
				CLANG_WARN_STRICT_PROTOTYPES = YES;
				CLANG_WARN_SUSPICIOUS_MOVE = YES;
				CLANG_WARN_UNGUARDED_AVAILABILITY = YES_AGGRESSIVE;
				CLANG_WARN_UNREACHABLE_CODE = YES;
				CLANG_WARN__DUPLICATE_METHOD_MATCH = YES;
				COPY_PHASE_STRIP = NO;
				DEAD_CODE_STRIPPING = YES;
				DEBUG_INFORMATION_FORMAT = dwarf;
				ENABLE_STRICT_OBJC_MSGSEND = YES;
				ENABLE_TESTABILITY = YES;
				ENABLE_USER_SCRIPT_SANDBOXING = YES;
				GCC_C_LANGUAGE_STANDARD = gnu17;
				GCC_DYNAMIC_NO_PIC = NO;
				GCC_NO_COMMON_BLOCKS = YES;
				GCC_OPTIMIZATION_LEVEL = 0;
				GCC_PREPROCESSOR_DEFINITIONS = (
					"DEBUG=1",
					"$(inherited)",
				);
				GCC_WARN_64_TO_32_BIT_CONVERSION = YES;
				GCC_WARN_ABOUT_RETURN_TYPE = YES_ERROR;
				GCC_WARN_UNDECLARED_SELECTOR = YES;
				GCC_WARN_UNINITIALIZED_AUTOS = YES_AGGRESSIVE;
				GCC_WARN_UNUSED_FUNCTION = YES;
				GCC_WARN_UNUSED_VARIABLE = YES;
				LOCALIZATION_PREFERS_STRING_CATALOGS = YES;
				MTL_ENABLE_DEBUG_INFO = INCLUDE_SOURCE;
				MTL_FAST_MATH = YES;
				ONLY_ACTIVE_ARCH = YES;
				SWIFT_ACTIVE_COMPILATION_CONDITIONS = "DEBUG $(inherited)";
				SWIFT_OPTIMIZATION_LEVEL = "-Onone";
			};
			name = Debug;
		};
		184DF0D72B6E1C3F00BA6F21 /* Release */ = {
			isa = XCBuildConfiguration;
			baseConfigurationReference = 186E8A1C2B99631200E65BDE /* BaseConfig.xcconfig */;
			buildSettings = {
				ALWAYS_SEARCH_USER_PATHS = NO;
				ASSETCATALOG_COMPILER_GENERATE_SWIFT_ASSET_SYMBOL_EXTENSIONS = YES;
				CLANG_ANALYZER_NONNULL = YES;
				CLANG_ANALYZER_NUMBER_OBJECT_CONVERSION = YES_AGGRESSIVE;
				CLANG_CXX_LANGUAGE_STANDARD = "gnu++20";
				CLANG_ENABLE_MODULES = YES;
				CLANG_ENABLE_OBJC_ARC = YES;
				CLANG_ENABLE_OBJC_WEAK = YES;
				CLANG_WARN_BLOCK_CAPTURE_AUTORELEASING = YES;
				CLANG_WARN_BOOL_CONVERSION = YES;
				CLANG_WARN_COMMA = YES;
				CLANG_WARN_CONSTANT_CONVERSION = YES;
				CLANG_WARN_DEPRECATED_OBJC_IMPLEMENTATIONS = YES;
				CLANG_WARN_DIRECT_OBJC_ISA_USAGE = YES_ERROR;
				CLANG_WARN_DOCUMENTATION_COMMENTS = YES;
				CLANG_WARN_EMPTY_BODY = YES;
				CLANG_WARN_ENUM_CONVERSION = YES;
				CLANG_WARN_INFINITE_RECURSION = YES;
				CLANG_WARN_INT_CONVERSION = YES;
				CLANG_WARN_NON_LITERAL_NULL_CONVERSION = YES;
				CLANG_WARN_OBJC_IMPLICIT_RETAIN_SELF = YES;
				CLANG_WARN_OBJC_LITERAL_CONVERSION = YES;
				CLANG_WARN_OBJC_ROOT_CLASS = YES_ERROR;
				CLANG_WARN_QUOTED_INCLUDE_IN_FRAMEWORK_HEADER = YES;
				CLANG_WARN_RANGE_LOOP_ANALYSIS = YES;
				CLANG_WARN_STRICT_PROTOTYPES = YES;
				CLANG_WARN_SUSPICIOUS_MOVE = YES;
				CLANG_WARN_UNGUARDED_AVAILABILITY = YES_AGGRESSIVE;
				CLANG_WARN_UNREACHABLE_CODE = YES;
				CLANG_WARN__DUPLICATE_METHOD_MATCH = YES;
				COPY_PHASE_STRIP = NO;
				DEAD_CODE_STRIPPING = YES;
				DEBUG_INFORMATION_FORMAT = "dwarf-with-dsym";
				ENABLE_NS_ASSERTIONS = NO;
				ENABLE_STRICT_OBJC_MSGSEND = YES;
				ENABLE_USER_SCRIPT_SANDBOXING = YES;
				GCC_C_LANGUAGE_STANDARD = gnu17;
				GCC_NO_COMMON_BLOCKS = YES;
				GCC_WARN_64_TO_32_BIT_CONVERSION = YES;
				GCC_WARN_ABOUT_RETURN_TYPE = YES_ERROR;
				GCC_WARN_UNDECLARED_SELECTOR = YES;
				GCC_WARN_UNINITIALIZED_AUTOS = YES_AGGRESSIVE;
				GCC_WARN_UNUSED_FUNCTION = YES;
				GCC_WARN_UNUSED_VARIABLE = YES;
				LOCALIZATION_PREFERS_STRING_CATALOGS = YES;
				MTL_ENABLE_DEBUG_INFO = NO;
				MTL_FAST_MATH = YES;
				SWIFT_COMPILATION_MODE = wholemodule;
			};
			name = Release;
		};
		184DF0D92B6E1C3F00BA6F21 /* Debug */ = {
			isa = XCBuildConfiguration;
			buildSettings = {
				ASSETCATALOG_COMPILER_APPICON_NAME = AppIcon;
				ASSETCATALOG_COMPILER_GLOBAL_ACCENT_COLOR_NAME = AccentColor;
				CODE_SIGN_ENTITLEMENTS = Reports/Reports.entitlements;
				CODE_SIGN_STYLE = Automatic;
				CURRENT_PROJECT_VERSION = 1;
				DEAD_CODE_STRIPPING = YES;
				DEVELOPMENT_ASSET_PATHS = "\"Reports/Preview Content\"";
				DEVELOPMENT_TEAM = LTHFTT75QZ;
				ENABLE_HARDENED_RUNTIME = YES;
				ENABLE_PREVIEWS = YES;
				ENABLE_USER_SCRIPT_SANDBOXING = NO;
				GENERATE_INFOPLIST_FILE = YES;
				INFOPLIST_FILE = Reports/Info.plist;
				"INFOPLIST_KEY_UIApplicationSceneManifest_Generation[sdk=iphoneos*]" = YES;
				"INFOPLIST_KEY_UIApplicationSceneManifest_Generation[sdk=iphonesimulator*]" = YES;
				"INFOPLIST_KEY_UIApplicationSupportsIndirectInputEvents[sdk=iphoneos*]" = YES;
				"INFOPLIST_KEY_UIApplicationSupportsIndirectInputEvents[sdk=iphonesimulator*]" = YES;
				"INFOPLIST_KEY_UILaunchScreen_Generation[sdk=iphoneos*]" = YES;
				"INFOPLIST_KEY_UILaunchScreen_Generation[sdk=iphonesimulator*]" = YES;
				"INFOPLIST_KEY_UIStatusBarStyle[sdk=iphoneos*]" = UIStatusBarStyleDefault;
				"INFOPLIST_KEY_UIStatusBarStyle[sdk=iphonesimulator*]" = UIStatusBarStyleDefault;
				INFOPLIST_KEY_UISupportedInterfaceOrientations_iPad = "UIInterfaceOrientationPortrait UIInterfaceOrientationPortraitUpsideDown UIInterfaceOrientationLandscapeLeft UIInterfaceOrientationLandscapeRight";
				INFOPLIST_KEY_UISupportedInterfaceOrientations_iPhone = "UIInterfaceOrientationPortrait UIInterfaceOrientationLandscapeLeft UIInterfaceOrientationLandscapeRight";
				IPHONEOS_DEPLOYMENT_TARGET = 17.2;
				LD_RUNPATH_SEARCH_PATHS = "@executable_path/Frameworks";
				"LD_RUNPATH_SEARCH_PATHS[sdk=macosx*]" = "@executable_path/../Frameworks";
				MACOSX_DEPLOYMENT_TARGET = 14.2;
				MARKETING_VERSION = 1.0;
				PRODUCT_BUNDLE_IDENTIFIER = com.cidaworx.Reports;
				PRODUCT_NAME = "$(TARGET_NAME)";
				SDKROOT = auto;
				SUPPORTED_PLATFORMS = "iphoneos iphonesimulator macosx";
				SWIFT_EMIT_LOC_STRINGS = YES;
				SWIFT_VERSION = 5.0;
				TARGETED_DEVICE_FAMILY = "1,2";
			};
			name = Debug;
		};
		184DF0DA2B6E1C3F00BA6F21 /* Release */ = {
			isa = XCBuildConfiguration;
			buildSettings = {
				ASSETCATALOG_COMPILER_APPICON_NAME = AppIcon;
				ASSETCATALOG_COMPILER_GLOBAL_ACCENT_COLOR_NAME = AccentColor;
				CODE_SIGN_ENTITLEMENTS = Reports/Reports.entitlements;
				CODE_SIGN_STYLE = Automatic;
				CURRENT_PROJECT_VERSION = 1;
				DEAD_CODE_STRIPPING = YES;
				DEVELOPMENT_ASSET_PATHS = "\"Reports/Preview Content\"";
				DEVELOPMENT_TEAM = LTHFTT75QZ;
				ENABLE_HARDENED_RUNTIME = YES;
				ENABLE_PREVIEWS = YES;
				ENABLE_USER_SCRIPT_SANDBOXING = NO;
				GENERATE_INFOPLIST_FILE = YES;
				INFOPLIST_FILE = Reports/Info.plist;
				"INFOPLIST_KEY_UIApplicationSceneManifest_Generation[sdk=iphoneos*]" = YES;
				"INFOPLIST_KEY_UIApplicationSceneManifest_Generation[sdk=iphonesimulator*]" = YES;
				"INFOPLIST_KEY_UIApplicationSupportsIndirectInputEvents[sdk=iphoneos*]" = YES;
				"INFOPLIST_KEY_UIApplicationSupportsIndirectInputEvents[sdk=iphonesimulator*]" = YES;
				"INFOPLIST_KEY_UILaunchScreen_Generation[sdk=iphoneos*]" = YES;
				"INFOPLIST_KEY_UILaunchScreen_Generation[sdk=iphonesimulator*]" = YES;
				"INFOPLIST_KEY_UIStatusBarStyle[sdk=iphoneos*]" = UIStatusBarStyleDefault;
				"INFOPLIST_KEY_UIStatusBarStyle[sdk=iphonesimulator*]" = UIStatusBarStyleDefault;
				INFOPLIST_KEY_UISupportedInterfaceOrientations_iPad = "UIInterfaceOrientationPortrait UIInterfaceOrientationPortraitUpsideDown UIInterfaceOrientationLandscapeLeft UIInterfaceOrientationLandscapeRight";
				INFOPLIST_KEY_UISupportedInterfaceOrientations_iPhone = "UIInterfaceOrientationPortrait UIInterfaceOrientationLandscapeLeft UIInterfaceOrientationLandscapeRight";
				IPHONEOS_DEPLOYMENT_TARGET = 17.2;
				LD_RUNPATH_SEARCH_PATHS = "@executable_path/Frameworks";
				"LD_RUNPATH_SEARCH_PATHS[sdk=macosx*]" = "@executable_path/../Frameworks";
				MACOSX_DEPLOYMENT_TARGET = 14.2;
				MARKETING_VERSION = 1.0;
				PRODUCT_BUNDLE_IDENTIFIER = com.cidaworx.Reports;
				PRODUCT_NAME = "$(TARGET_NAME)";
				SDKROOT = auto;
				SUPPORTED_PLATFORMS = "iphoneos iphonesimulator macosx";
				SWIFT_EMIT_LOC_STRINGS = YES;
				SWIFT_VERSION = 5.0;
				TARGETED_DEVICE_FAMILY = "1,2";
			};
			name = Release;
		};
		184DF0DC2B6E1C3F00BA6F21 /* Debug */ = {
			isa = XCBuildConfiguration;
			buildSettings = {
				ALWAYS_EMBED_SWIFT_STANDARD_LIBRARIES = YES;
				BUNDLE_LOADER = "$(TEST_HOST)";
				CODE_SIGN_STYLE = Automatic;
				CURRENT_PROJECT_VERSION = 1;
				DEAD_CODE_STRIPPING = YES;
				DEVELOPMENT_TEAM = LTHFTT75QZ;
				GENERATE_INFOPLIST_FILE = YES;
				IPHONEOS_DEPLOYMENT_TARGET = 17.2;
				MACOSX_DEPLOYMENT_TARGET = 14.2;
				MARKETING_VERSION = 1.0;
				PRODUCT_BUNDLE_IDENTIFIER = com.cidaworx.ReportsTests;
				PRODUCT_NAME = "$(TARGET_NAME)";
				SDKROOT = auto;
				SUPPORTED_PLATFORMS = "iphoneos iphonesimulator macosx";
				SWIFT_EMIT_LOC_STRINGS = NO;
				SWIFT_VERSION = 5.0;
				TARGETED_DEVICE_FAMILY = "1,2";
				TEST_HOST = "$(BUILT_PRODUCTS_DIR)/Reports.app/$(BUNDLE_EXECUTABLE_FOLDER_PATH)/Reports";
			};
			name = Debug;
		};
		184DF0DD2B6E1C3F00BA6F21 /* Release */ = {
			isa = XCBuildConfiguration;
			buildSettings = {
				ALWAYS_EMBED_SWIFT_STANDARD_LIBRARIES = YES;
				BUNDLE_LOADER = "$(TEST_HOST)";
				CODE_SIGN_STYLE = Automatic;
				CURRENT_PROJECT_VERSION = 1;
				DEAD_CODE_STRIPPING = YES;
				DEVELOPMENT_TEAM = LTHFTT75QZ;
				GENERATE_INFOPLIST_FILE = YES;
				IPHONEOS_DEPLOYMENT_TARGET = 17.2;
				MACOSX_DEPLOYMENT_TARGET = 14.2;
				MARKETING_VERSION = 1.0;
				PRODUCT_BUNDLE_IDENTIFIER = com.cidaworx.ReportsTests;
				PRODUCT_NAME = "$(TARGET_NAME)";
				SDKROOT = auto;
				SUPPORTED_PLATFORMS = "iphoneos iphonesimulator macosx";
				SWIFT_EMIT_LOC_STRINGS = NO;
				SWIFT_VERSION = 5.0;
				TARGETED_DEVICE_FAMILY = "1,2";
				TEST_HOST = "$(BUILT_PRODUCTS_DIR)/Reports.app/$(BUNDLE_EXECUTABLE_FOLDER_PATH)/Reports";
			};
			name = Release;
		};
		184DF0DF2B6E1C3F00BA6F21 /* Debug */ = {
			isa = XCBuildConfiguration;
			buildSettings = {
				ALWAYS_EMBED_SWIFT_STANDARD_LIBRARIES = YES;
				CODE_SIGN_STYLE = Automatic;
				CURRENT_PROJECT_VERSION = 1;
				DEAD_CODE_STRIPPING = YES;
				DEVELOPMENT_TEAM = LTHFTT75QZ;
				GENERATE_INFOPLIST_FILE = YES;
				IPHONEOS_DEPLOYMENT_TARGET = 17.2;
				MACOSX_DEPLOYMENT_TARGET = 14.2;
				MARKETING_VERSION = 1.0;
				PRODUCT_BUNDLE_IDENTIFIER = com.cidaworx.ReportsUITests;
				PRODUCT_NAME = "$(TARGET_NAME)";
				SDKROOT = auto;
				SUPPORTED_PLATFORMS = "iphoneos iphonesimulator macosx";
				SWIFT_EMIT_LOC_STRINGS = NO;
				SWIFT_VERSION = 5.0;
				TARGETED_DEVICE_FAMILY = "1,2";
				TEST_TARGET_NAME = Reports;
			};
			name = Debug;
		};
		184DF0E02B6E1C3F00BA6F21 /* Release */ = {
			isa = XCBuildConfiguration;
			buildSettings = {
				ALWAYS_EMBED_SWIFT_STANDARD_LIBRARIES = YES;
				CODE_SIGN_STYLE = Automatic;
				CURRENT_PROJECT_VERSION = 1;
				DEAD_CODE_STRIPPING = YES;
				DEVELOPMENT_TEAM = LTHFTT75QZ;
				GENERATE_INFOPLIST_FILE = YES;
				IPHONEOS_DEPLOYMENT_TARGET = 17.2;
				MACOSX_DEPLOYMENT_TARGET = 14.2;
				MARKETING_VERSION = 1.0;
				PRODUCT_BUNDLE_IDENTIFIER = com.cidaworx.ReportsUITests;
				PRODUCT_NAME = "$(TARGET_NAME)";
				SDKROOT = auto;
				SUPPORTED_PLATFORMS = "iphoneos iphonesimulator macosx";
				SWIFT_EMIT_LOC_STRINGS = NO;
				SWIFT_VERSION = 5.0;
				TARGETED_DEVICE_FAMILY = "1,2";
				TEST_TARGET_NAME = Reports;
			};
			name = Release;
		};
/* End XCBuildConfiguration section */

/* Begin XCConfigurationList section */
		184DF0AE2B6E1C3E00BA6F21 /* Build configuration list for PBXProject "Reports" */ = {
			isa = XCConfigurationList;
			buildConfigurations = (
				184DF0D62B6E1C3F00BA6F21 /* Debug */,
				184DF0D72B6E1C3F00BA6F21 /* Release */,
			);
			defaultConfigurationIsVisible = 0;
			defaultConfigurationName = Release;
		};
		184DF0D82B6E1C3F00BA6F21 /* Build configuration list for PBXNativeTarget "Reports" */ = {
			isa = XCConfigurationList;
			buildConfigurations = (
				184DF0D92B6E1C3F00BA6F21 /* Debug */,
				184DF0DA2B6E1C3F00BA6F21 /* Release */,
			);
			defaultConfigurationIsVisible = 0;
			defaultConfigurationName = Release;
		};
		184DF0DB2B6E1C3F00BA6F21 /* Build configuration list for PBXNativeTarget "ReportsTests" */ = {
			isa = XCConfigurationList;
			buildConfigurations = (
				184DF0DC2B6E1C3F00BA6F21 /* Debug */,
				184DF0DD2B6E1C3F00BA6F21 /* Release */,
			);
			defaultConfigurationIsVisible = 0;
			defaultConfigurationName = Release;
		};
		184DF0DE2B6E1C3F00BA6F21 /* Build configuration list for PBXNativeTarget "ReportsUITests" */ = {
			isa = XCConfigurationList;
			buildConfigurations = (
				184DF0DF2B6E1C3F00BA6F21 /* Debug */,
				184DF0E02B6E1C3F00BA6F21 /* Release */,
			);
			defaultConfigurationIsVisible = 0;
			defaultConfigurationName = Release;
		};
/* End XCConfigurationList section */

/* Begin XCRemoteSwiftPackageReference section */
		183ECBC82B70E70B006C45B2 /* XCRemoteSwiftPackageReference "keychain-swift" */ = {
			isa = XCRemoteSwiftPackageReference;
			repositoryURL = "https://github.com/evgenyneu/keychain-swift.git";
			requirement = {
				kind = upToNextMajorVersion;
				minimumVersion = 21.0.0;
			};
		};
		183ECBE42B74738B006C45B2 /* XCRemoteSwiftPackageReference "swift-composable-architecture" */ = {
			isa = XCRemoteSwiftPackageReference;
			repositoryURL = "https://github.com/pointfreeco/swift-composable-architecture";
			requirement = {
				branch = "shared-state-beta";
				kind = branch;
			};
		};
/* End XCRemoteSwiftPackageReference section */

/* Begin XCSwiftPackageProductDependency section */
		183ECBB82B6F092B006C45B2 /* BudgetSystemService */ = {
			isa = XCSwiftPackageProductDependency;
			productName = BudgetSystemService;
		};
		183ECBC92B70E70B006C45B2 /* KeychainSwift */ = {
			isa = XCSwiftPackageProductDependency;
			package = 183ECBC82B70E70B006C45B2 /* XCRemoteSwiftPackageReference "keychain-swift" */;
			productName = KeychainSwift;
		};
		183ECBE52B74738B006C45B2 /* ComposableArchitecture */ = {
			isa = XCSwiftPackageProductDependency;
			package = 183ECBE42B74738B006C45B2 /* XCRemoteSwiftPackageReference "swift-composable-architecture" */;
			productName = ComposableArchitecture;
		};
/* End XCSwiftPackageProductDependency section */
	};
	rootObject = 184DF0AB2B6E1C3E00BA6F21 /* Project object */;
}
