// !$*UTF8*$!
{
	archiveVersion = 1;
	classes = {
	};
	objectVersion = 56;
	objects = {

/* Begin PBXBuildFile section */
		183ECBB92B6F092B006C45B2 /* BudgetSystemService in Frameworks */ = {isa = PBXBuildFile; productRef = 183ECBB82B6F092B006C45B2 /* BudgetSystemService */; };
		183ECBC12B70E0B6006C45B2 /* KeyValueStore.swift in Sources */ = {isa = PBXBuildFile; fileRef = 183ECBC02B70E0B6006C45B2 /* KeyValueStore.swift */; };
		183ECBC32B70E0E3006C45B2 /* InMemoryKeyValueStore.swift in Sources */ = {isa = PBXBuildFile; fileRef = 183ECBC22B70E0E3006C45B2 /* InMemoryKeyValueStore.swift */; };
		183ECBC52B70E10C006C45B2 /* Atomic.swift in Sources */ = {isa = PBXBuildFile; fileRef = 183ECBC42B70E10C006C45B2 /* Atomic.swift */; };
		183ECBC72B70E5DD006C45B2 /* SecureKeyValueStore.swift in Sources */ = {isa = PBXBuildFile; fileRef = 183ECBC62B70E5DD006C45B2 /* SecureKeyValueStore.swift */; };
		183ECBCA2B70E70B006C45B2 /* KeychainSwift in Frameworks */ = {isa = PBXBuildFile; productRef = 183ECBC92B70E70B006C45B2 /* KeychainSwift */; };
		183ECBCD2B724835006C45B2 /* SecureKeyValueStoreTests.swift in Sources */ = {isa = PBXBuildFile; fileRef = 183ECBCC2B724835006C45B2 /* SecureKeyValueStoreTests.swift */; };
		183ECBDE2B747085006C45B2 /* ButtonStyleOutline.swift in Sources */ = {isa = PBXBuildFile; fileRef = 183ECBD62B747085006C45B2 /* ButtonStyleOutline.swift */; };
		183ECBDF2B747085006C45B2 /* FloatingTitleRow.swift in Sources */ = {isa = PBXBuildFile; fileRef = 183ECBD82B747085006C45B2 /* FloatingTitleRow.swift */; };
		183ECBE02B747085006C45B2 /* MultiSelectListView.swift in Sources */ = {isa = PBXBuildFile; fileRef = 183ECBD92B747085006C45B2 /* MultiSelectListView.swift */; };
		183ECBE12B747085006C45B2 /* Typography.swift in Sources */ = {isa = PBXBuildFile; fileRef = 183ECBDB2B747085006C45B2 /* Typography.swift */; };
		183ECBE22B747085006C45B2 /* FontWeight.swift in Sources */ = {isa = PBXBuildFile; fileRef = 183ECBDC2B747085006C45B2 /* FontWeight.swift */; };
		183ECBE32B747085006C45B2 /* FontVariation.swift in Sources */ = {isa = PBXBuildFile; fileRef = 183ECBDD2B747085006C45B2 /* FontVariation.swift */; };
		183ECBE62B74738B006C45B2 /* ComposableArchitecture in Frameworks */ = {isa = PBXBuildFile; productRef = 183ECBE52B74738B006C45B2 /* ComposableArchitecture */; };
		183ECBEC2B747460006C45B2 /* String+Additions.swift in Sources */ = {isa = PBXBuildFile; fileRef = 183ECBE82B747460006C45B2 /* String+Additions.swift */; };
		183ECBED2B747460006C45B2 /* Collection+Additions.swift in Sources */ = {isa = PBXBuildFile; fileRef = 183ECBE92B747460006C45B2 /* Collection+Additions.swift */; };
		183ECBEE2B747460006C45B2 /* Array+Safe.swift in Sources */ = {isa = PBXBuildFile; fileRef = 183ECBEA2B747460006C45B2 /* Array+Safe.swift */; };
		183ECBF12B748E90006C45B2 /* HorizontalDivider.swift in Sources */ = {isa = PBXBuildFile; fileRef = 183ECBF02B748E90006C45B2 /* HorizontalDivider.swift */; };
		184DF0B72B6E1C3E00BA6F21 /* ReportsApp.swift in Sources */ = {isa = PBXBuildFile; fileRef = 184DF0B62B6E1C3E00BA6F21 /* ReportsApp.swift */; };
		184DF0B92B6E1C3E00BA6F21 /* ContentView.swift in Sources */ = {isa = PBXBuildFile; fileRef = 184DF0B82B6E1C3E00BA6F21 /* ContentView.swift */; };
		184DF0BB2B6E1C3E00BA6F21 /* Assets.xcassets in Resources */ = {isa = PBXBuildFile; fileRef = 184DF0BA2B6E1C3E00BA6F21 /* Assets.xcassets */; };
		184DF0BF2B6E1C3E00BA6F21 /* Preview Assets.xcassets in Resources */ = {isa = PBXBuildFile; fileRef = 184DF0BE2B6E1C3E00BA6F21 /* Preview Assets.xcassets */; };
		184DF0C92B6E1C3F00BA6F21 /* ReportsTests.swift in Sources */ = {isa = PBXBuildFile; fileRef = 184DF0C82B6E1C3F00BA6F21 /* ReportsTests.swift */; };
		184DF0D32B6E1C3F00BA6F21 /* ReportsUITests.swift in Sources */ = {isa = PBXBuildFile; fileRef = 184DF0D22B6E1C3F00BA6F21 /* ReportsUITests.swift */; };
		184DF0D52B6E1C3F00BA6F21 /* ReportsUITestsLaunchTests.swift in Sources */ = {isa = PBXBuildFile; fileRef = 184DF0D42B6E1C3F00BA6F21 /* ReportsUITestsLaunchTests.swift */; };
		18C3BFB02B81874000E444C8 /* AppIntroLogin.swift in Sources */ = {isa = PBXBuildFile; fileRef = 18C3BFAF2B81874000E444C8 /* AppIntroLogin.swift */; };
		18C3BFB22B820AEA00E444C8 /* SFSafariView.swift in Sources */ = {isa = PBXBuildFile; fileRef = 18C3BFB12B820AEA00E444C8 /* SFSafariView.swift */; };
		18C3BFB52B820D2800E444C8 /* SafariViewControllerViewModifier.swift in Sources */ = {isa = PBXBuildFile; fileRef = 18C3BFB42B820D2800E444C8 /* SafariViewControllerViewModifier.swift */; };
		18C3BFB72B820DD000E444C8 /* Binding+Additions.swift in Sources */ = {isa = PBXBuildFile; fileRef = 18C3BFB62B820DD000E444C8 /* Binding+Additions.swift */; };
		18C3BFBD2B8230E100E444C8 /* AppFeature.swift in Sources */ = {isa = PBXBuildFile; fileRef = 18C3BFBC2B8230E100E444C8 /* AppFeature.swift */; };
		18C3BFBF2B82370B00E444C8 /* BudgetSystemService+Config.swift in Sources */ = {isa = PBXBuildFile; fileRef = 18C3BFBE2B82370B00E444C8 /* BudgetSystemService+Config.swift */; };
		18C3BFC12B83993200E444C8 /* URL+Additions.swift in Sources */ = {isa = PBXBuildFile; fileRef = 18C3BFC02B83993200E444C8 /* URL+Additions.swift */; };
		18C3BFC32B8399C600E444C8 /* URLTests.swift in Sources */ = {isa = PBXBuildFile; fileRef = 18C3BFC22B8399C600E444C8 /* URLTests.swift */; };
/* End PBXBuildFile section */

/* Begin PBXContainerItemProxy section */
		184DF0C52B6E1C3F00BA6F21 /* PBXContainerItemProxy */ = {
			isa = PBXContainerItemProxy;
			containerPortal = 184DF0AB2B6E1C3E00BA6F21 /* Project object */;
			proxyType = 1;
			remoteGlobalIDString = 184DF0B22B6E1C3E00BA6F21;
			remoteInfo = Reports;
		};
		184DF0CF2B6E1C3F00BA6F21 /* PBXContainerItemProxy */ = {
			isa = PBXContainerItemProxy;
			containerPortal = 184DF0AB2B6E1C3E00BA6F21 /* Project object */;
			proxyType = 1;
			remoteGlobalIDString = 184DF0B22B6E1C3E00BA6F21;
			remoteInfo = Reports;
		};
/* End PBXContainerItemProxy section */

/* Begin PBXFileReference section */
		183ECBC02B70E0B6006C45B2 /* KeyValueStore.swift */ = {isa = PBXFileReference; lastKnownFileType = sourcecode.swift; path = KeyValueStore.swift; sourceTree = "<group>"; };
		183ECBC22B70E0E3006C45B2 /* InMemoryKeyValueStore.swift */ = {isa = PBXFileReference; lastKnownFileType = sourcecode.swift; path = InMemoryKeyValueStore.swift; sourceTree = "<group>"; };
		183ECBC42B70E10C006C45B2 /* Atomic.swift */ = {isa = PBXFileReference; lastKnownFileType = sourcecode.swift; path = Atomic.swift; sourceTree = "<group>"; };
		183ECBC62B70E5DD006C45B2 /* SecureKeyValueStore.swift */ = {isa = PBXFileReference; lastKnownFileType = sourcecode.swift; path = SecureKeyValueStore.swift; sourceTree = "<group>"; };
		183ECBCC2B724835006C45B2 /* SecureKeyValueStoreTests.swift */ = {isa = PBXFileReference; lastKnownFileType = sourcecode.swift; path = SecureKeyValueStoreTests.swift; sourceTree = "<group>"; };
		183ECBCE2B724CA1006C45B2 /* Reports.xctestplan */ = {isa = PBXFileReference; lastKnownFileType = text; path = Reports.xctestplan; sourceTree = "<group>"; };
		183ECBD62B747085006C45B2 /* ButtonStyleOutline.swift */ = {isa = PBXFileReference; fileEncoding = 4; lastKnownFileType = sourcecode.swift; path = ButtonStyleOutline.swift; sourceTree = "<group>"; };
		183ECBD82B747085006C45B2 /* FloatingTitleRow.swift */ = {isa = PBXFileReference; fileEncoding = 4; lastKnownFileType = sourcecode.swift; path = FloatingTitleRow.swift; sourceTree = "<group>"; };
		183ECBD92B747085006C45B2 /* MultiSelectListView.swift */ = {isa = PBXFileReference; fileEncoding = 4; lastKnownFileType = sourcecode.swift; path = MultiSelectListView.swift; sourceTree = "<group>"; };
		183ECBDB2B747085006C45B2 /* Typography.swift */ = {isa = PBXFileReference; fileEncoding = 4; lastKnownFileType = sourcecode.swift; path = Typography.swift; sourceTree = "<group>"; };
		183ECBDC2B747085006C45B2 /* FontWeight.swift */ = {isa = PBXFileReference; fileEncoding = 4; lastKnownFileType = sourcecode.swift; path = FontWeight.swift; sourceTree = "<group>"; };
		183ECBDD2B747085006C45B2 /* FontVariation.swift */ = {isa = PBXFileReference; fileEncoding = 4; lastKnownFileType = sourcecode.swift; path = FontVariation.swift; sourceTree = "<group>"; };
		183ECBE82B747460006C45B2 /* String+Additions.swift */ = {isa = PBXFileReference; fileEncoding = 4; lastKnownFileType = sourcecode.swift; path = "String+Additions.swift"; sourceTree = "<group>"; };
		183ECBE92B747460006C45B2 /* Collection+Additions.swift */ = {isa = PBXFileReference; fileEncoding = 4; lastKnownFileType = sourcecode.swift; path = "Collection+Additions.swift"; sourceTree = "<group>"; };
		183ECBEA2B747460006C45B2 /* Array+Safe.swift */ = {isa = PBXFileReference; fileEncoding = 4; lastKnownFileType = sourcecode.swift; path = "Array+Safe.swift"; sourceTree = "<group>"; };
		183ECBF02B748E90006C45B2 /* HorizontalDivider.swift */ = {isa = PBXFileReference; lastKnownFileType = sourcecode.swift; path = HorizontalDivider.swift; sourceTree = "<group>"; };
		184DF0B32B6E1C3E00BA6F21 /* Reports.app */ = {isa = PBXFileReference; explicitFileType = wrapper.application; includeInIndex = 0; path = Reports.app; sourceTree = BUILT_PRODUCTS_DIR; };
		184DF0B62B6E1C3E00BA6F21 /* ReportsApp.swift */ = {isa = PBXFileReference; lastKnownFileType = sourcecode.swift; path = ReportsApp.swift; sourceTree = "<group>"; };
		184DF0B82B6E1C3E00BA6F21 /* ContentView.swift */ = {isa = PBXFileReference; lastKnownFileType = sourcecode.swift; path = ContentView.swift; sourceTree = "<group>"; };
		184DF0BA2B6E1C3E00BA6F21 /* Assets.xcassets */ = {isa = PBXFileReference; lastKnownFileType = folder.assetcatalog; path = Assets.xcassets; sourceTree = "<group>"; };
		184DF0BC2B6E1C3E00BA6F21 /* Reports.entitlements */ = {isa = PBXFileReference; lastKnownFileType = text.plist.entitlements; path = Reports.entitlements; sourceTree = "<group>"; };
		184DF0BE2B6E1C3E00BA6F21 /* Preview Assets.xcassets */ = {isa = PBXFileReference; lastKnownFileType = folder.assetcatalog; path = "Preview Assets.xcassets"; sourceTree = "<group>"; };
		184DF0C42B6E1C3F00BA6F21 /* ReportsTests.xctest */ = {isa = PBXFileReference; explicitFileType = wrapper.cfbundle; includeInIndex = 0; path = ReportsTests.xctest; sourceTree = BUILT_PRODUCTS_DIR; };
		184DF0C82B6E1C3F00BA6F21 /* ReportsTests.swift */ = {isa = PBXFileReference; lastKnownFileType = sourcecode.swift; path = ReportsTests.swift; sourceTree = "<group>"; };
		184DF0CE2B6E1C3F00BA6F21 /* ReportsUITests.xctest */ = {isa = PBXFileReference; explicitFileType = wrapper.cfbundle; includeInIndex = 0; path = ReportsUITests.xctest; sourceTree = BUILT_PRODUCTS_DIR; };
		184DF0D22B6E1C3F00BA6F21 /* ReportsUITests.swift */ = {isa = PBXFileReference; lastKnownFileType = sourcecode.swift; path = ReportsUITests.swift; sourceTree = "<group>"; };
		184DF0D42B6E1C3F00BA6F21 /* ReportsUITestsLaunchTests.swift */ = {isa = PBXFileReference; lastKnownFileType = sourcecode.swift; path = ReportsUITestsLaunchTests.swift; sourceTree = "<group>"; };
		184DF0E12B6E1D3500BA6F21 /* BudgetSystemService */ = {isa = PBXFileReference; lastKnownFileType = wrapper; name = BudgetSystemService; path = Packages/BudgetSystemService; sourceTree = "<group>"; };
		18C3BFAE2B806A7500E444C8 /* Info.plist */ = {isa = PBXFileReference; lastKnownFileType = text.plist; path = Info.plist; sourceTree = "<group>"; };
		18C3BFAF2B81874000E444C8 /* AppIntroLogin.swift */ = {isa = PBXFileReference; lastKnownFileType = sourcecode.swift; path = AppIntroLogin.swift; sourceTree = "<group>"; };
		18C3BFB12B820AEA00E444C8 /* SFSafariView.swift */ = {isa = PBXFileReference; lastKnownFileType = sourcecode.swift; path = SFSafariView.swift; sourceTree = "<group>"; };
		18C3BFB42B820D2800E444C8 /* SafariViewControllerViewModifier.swift */ = {isa = PBXFileReference; lastKnownFileType = sourcecode.swift; path = SafariViewControllerViewModifier.swift; sourceTree = "<group>"; };
		18C3BFB62B820DD000E444C8 /* Binding+Additions.swift */ = {isa = PBXFileReference; lastKnownFileType = sourcecode.swift; path = "Binding+Additions.swift"; sourceTree = "<group>"; };
		18C3BFBC2B8230E100E444C8 /* AppFeature.swift */ = {isa = PBXFileReference; lastKnownFileType = sourcecode.swift; path = AppFeature.swift; sourceTree = "<group>"; };
		18C3BFBE2B82370B00E444C8 /* BudgetSystemService+Config.swift */ = {isa = PBXFileReference; lastKnownFileType = sourcecode.swift; path = "BudgetSystemService+Config.swift"; sourceTree = "<group>"; };
		18C3BFC02B83993200E444C8 /* URL+Additions.swift */ = {isa = PBXFileReference; lastKnownFileType = sourcecode.swift; path = "URL+Additions.swift"; sourceTree = "<group>"; };
		18C3BFC22B8399C600E444C8 /* URLTests.swift */ = {isa = PBXFileReference; lastKnownFileType = sourcecode.swift; path = URLTests.swift; sourceTree = "<group>"; };
/* End PBXFileReference section */

/* Begin PBXFrameworksBuildPhase section */
		184DF0B02B6E1C3E00BA6F21 /* Frameworks */ = {
			isa = PBXFrameworksBuildPhase;
			buildActionMask = 2147483647;
			files = (
				183ECBCA2B70E70B006C45B2 /* KeychainSwift in Frameworks */,
				183ECBB92B6F092B006C45B2 /* BudgetSystemService in Frameworks */,
				183ECBE62B74738B006C45B2 /* ComposableArchitecture in Frameworks */,
			);
			runOnlyForDeploymentPostprocessing = 0;
		};
		184DF0C12B6E1C3F00BA6F21 /* Frameworks */ = {
			isa = PBXFrameworksBuildPhase;
			buildActionMask = 2147483647;
			files = (
			);
			runOnlyForDeploymentPostprocessing = 0;
		};
		184DF0CB2B6E1C3F00BA6F21 /* Frameworks */ = {
			isa = PBXFrameworksBuildPhase;
			buildActionMask = 2147483647;
			files = (
			);
			runOnlyForDeploymentPostprocessing = 0;
		};
/* End PBXFrameworksBuildPhase section */

/* Begin PBXGroup section */
		183ECBB72B6F092B006C45B2 /* Frameworks */ = {
			isa = PBXGroup;
			children = (
			);
			name = Frameworks;
			sourceTree = "<group>";
		};
		183ECBBD2B70DFE1006C45B2 /* KeyValueStore */ = {
			isa = PBXGroup;
			children = (
				183ECBC42B70E10C006C45B2 /* Atomic.swift */,
				183ECBC22B70E0E3006C45B2 /* InMemoryKeyValueStore.swift */,
				183ECBC02B70E0B6006C45B2 /* KeyValueStore.swift */,
				183ECBC62B70E5DD006C45B2 /* SecureKeyValueStore.swift */,
			);
			path = KeyValueStore;
			sourceTree = "<group>";
		};
		183ECBCB2B710FC0006C45B2 /* KeyValueStore */ = {
			isa = PBXGroup;
			children = (
				183ECBCC2B724835006C45B2 /* SecureKeyValueStoreTests.swift */,
			);
			path = KeyValueStore;
			sourceTree = "<group>";
		};
		183ECBCF2B746F23006C45B2 /* Views */ = {
			isa = PBXGroup;
			children = (
				184DF0B82B6E1C3E00BA6F21 /* ContentView.swift */,
				18C3BFAF2B81874000E444C8 /* AppIntroLogin.swift */,
				18C3BFB12B820AEA00E444C8 /* SFSafariView.swift */,
			);
			path = Views;
			sourceTree = "<group>";
		};
		183ECBD02B74701D006C45B2 /* UI */ = {
			isa = PBXGroup;
			children = (
				183ECBD42B747085006C45B2 /* DesignSystem */,
				183ECBCF2B746F23006C45B2 /* Views */,
				18C3BFB32B820CEE00E444C8 /* ViewModifiers */,
			);
			path = UI;
			sourceTree = "<group>";
		};
		183ECBD42B747085006C45B2 /* DesignSystem */ = {
			isa = PBXGroup;
			children = (
				183ECBD52B747085006C45B2 /* Style */,
				183ECBD72B747085006C45B2 /* UIComponents */,
				183ECBDA2B747085006C45B2 /* Type */,
			);
			path = DesignSystem;
			sourceTree = "<group>";
		};
		183ECBD52B747085006C45B2 /* Style */ = {
			isa = PBXGroup;
			children = (
				183ECBD62B747085006C45B2 /* ButtonStyleOutline.swift */,
			);
			path = Style;
			sourceTree = "<group>";
		};
		183ECBD72B747085006C45B2 /* UIComponents */ = {
			isa = PBXGroup;
			children = (
				183ECBD82B747085006C45B2 /* FloatingTitleRow.swift */,
				183ECBD92B747085006C45B2 /* MultiSelectListView.swift */,
				183ECBF02B748E90006C45B2 /* HorizontalDivider.swift */,
			);
			path = UIComponents;
			sourceTree = "<group>";
		};
		183ECBDA2B747085006C45B2 /* Type */ = {
			isa = PBXGroup;
			children = (
				183ECBDB2B747085006C45B2 /* Typography.swift */,
				183ECBDC2B747085006C45B2 /* FontWeight.swift */,
				183ECBDD2B747085006C45B2 /* FontVariation.swift */,
			);
			path = Type;
			sourceTree = "<group>";
		};
		183ECBE72B747460006C45B2 /* Extensions */ = {
			isa = PBXGroup;
			children = (
				183ECBEA2B747460006C45B2 /* Array+Safe.swift */,
				18C3BFB62B820DD000E444C8 /* Binding+Additions.swift */,
				183ECBE92B747460006C45B2 /* Collection+Additions.swift */,
				183ECBE82B747460006C45B2 /* String+Additions.swift */,
				18C3BFC02B83993200E444C8 /* URL+Additions.swift */,
			);
			path = Extensions;
			sourceTree = "<group>";
		};
		184DF0AA2B6E1C3E00BA6F21 = {
			isa = PBXGroup;
			children = (
				183ECBCE2B724CA1006C45B2 /* Reports.xctestplan */,
				184DF0E12B6E1D3500BA6F21 /* BudgetSystemService */,
				184DF0B52B6E1C3E00BA6F21 /* Reports */,
				184DF0C72B6E1C3F00BA6F21 /* ReportsTests */,
				184DF0D12B6E1C3F00BA6F21 /* ReportsUITests */,
				184DF0B42B6E1C3E00BA6F21 /* Products */,
				183ECBB72B6F092B006C45B2 /* Frameworks */,
			);
			sourceTree = "<group>";
		};
		184DF0B42B6E1C3E00BA6F21 /* Products */ = {
			isa = PBXGroup;
			children = (
				184DF0B32B6E1C3E00BA6F21 /* Reports.app */,
				184DF0C42B6E1C3F00BA6F21 /* ReportsTests.xctest */,
				184DF0CE2B6E1C3F00BA6F21 /* ReportsUITests.xctest */,
			);
			name = Products;
			sourceTree = "<group>";
		};
		184DF0B52B6E1C3E00BA6F21 /* Reports */ = {
			isa = PBXGroup;
			children = (
				18C3BFAE2B806A7500E444C8 /* Info.plist */,
				18C3BFBB2B82309200E444C8 /* App */,
				183ECBE72B747460006C45B2 /* Extensions */,
				183ECBBD2B70DFE1006C45B2 /* KeyValueStore */,
				183ECBD02B74701D006C45B2 /* UI */,
				184DF0BA2B6E1C3E00BA6F21 /* Assets.xcassets */,
				184DF0BC2B6E1C3E00BA6F21 /* Reports.entitlements */,
				184DF0BD2B6E1C3E00BA6F21 /* Preview Content */,
			);
			path = Reports;
			sourceTree = "<group>";
		};
		184DF0BD2B6E1C3E00BA6F21 /* Preview Content */ = {
			isa = PBXGroup;
			children = (
				184DF0BE2B6E1C3E00BA6F21 /* Preview Assets.xcassets */,
			);
			path = "Preview Content";
			sourceTree = "<group>";
		};
		184DF0C72B6E1C3F00BA6F21 /* ReportsTests */ = {
			isa = PBXGroup;
			children = (
				183ECBCB2B710FC0006C45B2 /* KeyValueStore */,
				184DF0C82B6E1C3F00BA6F21 /* ReportsTests.swift */,
				18C3BFC22B8399C600E444C8 /* URLTests.swift */,
			);
			path = ReportsTests;
			sourceTree = "<group>";
		};
		184DF0D12B6E1C3F00BA6F21 /* ReportsUITests */ = {
			isa = PBXGroup;
			children = (
				184DF0D22B6E1C3F00BA6F21 /* ReportsUITests.swift */,
				184DF0D42B6E1C3F00BA6F21 /* ReportsUITestsLaunchTests.swift */,
			);
			path = ReportsUITests;
			sourceTree = "<group>";
		};
		18C3BFB32B820CEE00E444C8 /* ViewModifiers */ = {
			isa = PBXGroup;
			children = (
				18C3BFB42B820D2800E444C8 /* SafariViewControllerViewModifier.swift */,
			);
			path = ViewModifiers;
			sourceTree = "<group>";
		};
		18C3BFBB2B82309200E444C8 /* App */ = {
			isa = PBXGroup;
			children = (
				18C3BFBE2B82370B00E444C8 /* BudgetSystemService+Config.swift */,
				184DF0B62B6E1C3E00BA6F21 /* ReportsApp.swift */,
				18C3BFBC2B8230E100E444C8 /* AppFeature.swift */,
			);
			path = App;
			sourceTree = "<group>";
		};
/* End PBXGroup section */

/* Begin PBXNativeTarget section */
		184DF0B22B6E1C3E00BA6F21 /* Reports */ = {
			isa = PBXNativeTarget;
			buildConfigurationList = 184DF0D82B6E1C3F00BA6F21 /* Build configuration list for PBXNativeTarget "Reports" */;
			buildPhases = (
				184DF0AF2B6E1C3E00BA6F21 /* Sources */,
				184DF0B02B6E1C3E00BA6F21 /* Frameworks */,
				184DF0B12B6E1C3E00BA6F21 /* Resources */,
				183ECBF22B74F073006C45B2 /* Swiftlint */,
			);
			buildRules = (
			);
			dependencies = (
			);
			name = Reports;
			packageProductDependencies = (
				183ECBB82B6F092B006C45B2 /* BudgetSystemService */,
				183ECBC92B70E70B006C45B2 /* KeychainSwift */,
				183ECBE52B74738B006C45B2 /* ComposableArchitecture */,
			);
			productName = Reports;
			productReference = 184DF0B32B6E1C3E00BA6F21 /* Reports.app */;
			productType = "com.apple.product-type.application";
		};
		184DF0C32B6E1C3F00BA6F21 /* ReportsTests */ = {
			isa = PBXNativeTarget;
			buildConfigurationList = 184DF0DB2B6E1C3F00BA6F21 /* Build configuration list for PBXNativeTarget "ReportsTests" */;
			buildPhases = (
				184DF0C02B6E1C3F00BA6F21 /* Sources */,
				184DF0C12B6E1C3F00BA6F21 /* Frameworks */,
				184DF0C22B6E1C3F00BA6F21 /* Resources */,
			);
			buildRules = (
			);
			dependencies = (
				184DF0C62B6E1C3F00BA6F21 /* PBXTargetDependency */,
			);
			name = ReportsTests;
			productName = ReportsTests;
			productReference = 184DF0C42B6E1C3F00BA6F21 /* ReportsTests.xctest */;
			productType = "com.apple.product-type.bundle.unit-test";
		};
		184DF0CD2B6E1C3F00BA6F21 /* ReportsUITests */ = {
			isa = PBXNativeTarget;
			buildConfigurationList = 184DF0DE2B6E1C3F00BA6F21 /* Build configuration list for PBXNativeTarget "ReportsUITests" */;
			buildPhases = (
				184DF0CA2B6E1C3F00BA6F21 /* Sources */,
				184DF0CB2B6E1C3F00BA6F21 /* Frameworks */,
				184DF0CC2B6E1C3F00BA6F21 /* Resources */,
			);
			buildRules = (
			);
			dependencies = (
				184DF0D02B6E1C3F00BA6F21 /* PBXTargetDependency */,
			);
			name = ReportsUITests;
			productName = ReportsUITests;
			productReference = 184DF0CE2B6E1C3F00BA6F21 /* ReportsUITests.xctest */;
			productType = "com.apple.product-type.bundle.ui-testing";
		};
/* End PBXNativeTarget section */

/* Begin PBXProject section */
		184DF0AB2B6E1C3E00BA6F21 /* Project object */ = {
			isa = PBXProject;
			attributes = {
				BuildIndependentTargetsInParallel = 1;
				LastSwiftUpdateCheck = 1520;
				LastUpgradeCheck = 1520;
				TargetAttributes = {
					184DF0B22B6E1C3E00BA6F21 = {
						CreatedOnToolsVersion = 15.2;
					};
					184DF0C32B6E1C3F00BA6F21 = {
						CreatedOnToolsVersion = 15.2;
						TestTargetID = 184DF0B22B6E1C3E00BA6F21;
					};
					184DF0CD2B6E1C3F00BA6F21 = {
						CreatedOnToolsVersion = 15.2;
						TestTargetID = 184DF0B22B6E1C3E00BA6F21;
					};
				};
			};
			buildConfigurationList = 184DF0AE2B6E1C3E00BA6F21 /* Build configuration list for PBXProject "Reports" */;
			compatibilityVersion = "Xcode 14.0";
			developmentRegion = en;
			hasScannedForEncodings = 0;
			knownRegions = (
				en,
				Base,
			);
			mainGroup = 184DF0AA2B6E1C3E00BA6F21;
			packageReferences = (
				183ECBC82B70E70B006C45B2 /* XCRemoteSwiftPackageReference "keychain-swift" */,
				183ECBE42B74738B006C45B2 /* XCRemoteSwiftPackageReference "swift-composable-architecture" */,
			);
			productRefGroup = 184DF0B42B6E1C3E00BA6F21 /* Products */;
			projectDirPath = "";
			projectRoot = "";
			targets = (
				184DF0B22B6E1C3E00BA6F21 /* Reports */,
				184DF0C32B6E1C3F00BA6F21 /* ReportsTests */,
				184DF0CD2B6E1C3F00BA6F21 /* ReportsUITests */,
			);
		};
/* End PBXProject section */

/* Begin PBXResourcesBuildPhase section */
		184DF0B12B6E1C3E00BA6F21 /* Resources */ = {
			isa = PBXResourcesBuildPhase;
			buildActionMask = 2147483647;
			files = (
				184DF0BF2B6E1C3E00BA6F21 /* Preview Assets.xcassets in Resources */,
				184DF0BB2B6E1C3E00BA6F21 /* Assets.xcassets in Resources */,
			);
			runOnlyForDeploymentPostprocessing = 0;
		};
		184DF0C22B6E1C3F00BA6F21 /* Resources */ = {
			isa = PBXResourcesBuildPhase;
			buildActionMask = 2147483647;
			files = (
			);
			runOnlyForDeploymentPostprocessing = 0;
		};
		184DF0CC2B6E1C3F00BA6F21 /* Resources */ = {
			isa = PBXResourcesBuildPhase;
			buildActionMask = 2147483647;
			files = (
			);
			runOnlyForDeploymentPostprocessing = 0;
		};
/* End PBXResourcesBuildPhase section */

/* Begin PBXShellScriptBuildPhase section */
		183ECBF22B74F073006C45B2 /* Swiftlint */ = {
			isa = PBXShellScriptBuildPhase;
			alwaysOutOfDate = 1;
			buildActionMask = 2147483647;
			files = (
			);
			inputFileListPaths = (
			);
			inputPaths = (
			);
			name = Swiftlint;
			outputFileListPaths = (
			);
			outputPaths = (
			);
			runOnlyForDeploymentPostprocessing = 0;
			shellPath = /bin/zsh;
			shellScript = "export PATH=\"/opt/homebrew/bin:$PATH\"\n\nif which swiftlint >/dev/null; then\n  swiftlint\nelse\n  echo \"warning: SwiftLint not installed, download from https://github.com/realm/SwiftLint\"\nfi\n";
		};
/* End PBXShellScriptBuildPhase section */

/* Begin PBXSourcesBuildPhase section */
		184DF0AF2B6E1C3E00BA6F21 /* Sources */ = {
			isa = PBXSourcesBuildPhase;
			buildActionMask = 2147483647;
			files = (
				183ECBE12B747085006C45B2 /* Typography.swift in Sources */,
				18C3BFBF2B82370B00E444C8 /* BudgetSystemService+Config.swift in Sources */,
				183ECBE02B747085006C45B2 /* MultiSelectListView.swift in Sources */,
				18C3BFB52B820D2800E444C8 /* SafariViewControllerViewModifier.swift in Sources */,
				183ECBC12B70E0B6006C45B2 /* KeyValueStore.swift in Sources */,
				183ECBF12B748E90006C45B2 /* HorizontalDivider.swift in Sources */,
				183ECBDE2B747085006C45B2 /* ButtonStyleOutline.swift in Sources */,
				184DF0B92B6E1C3E00BA6F21 /* ContentView.swift in Sources */,
				184DF0B72B6E1C3E00BA6F21 /* ReportsApp.swift in Sources */,
				183ECBEE2B747460006C45B2 /* Array+Safe.swift in Sources */,
				18C3BFB72B820DD000E444C8 /* Binding+Additions.swift in Sources */,
				183ECBE32B747085006C45B2 /* FontVariation.swift in Sources */,
				183ECBC72B70E5DD006C45B2 /* SecureKeyValueStore.swift in Sources */,
				18C3BFBD2B8230E100E444C8 /* AppFeature.swift in Sources */,
				183ECBC52B70E10C006C45B2 /* Atomic.swift in Sources */,
				183ECBED2B747460006C45B2 /* Collection+Additions.swift in Sources */,
				183ECBC32B70E0E3006C45B2 /* InMemoryKeyValueStore.swift in Sources */,
				18C3BFB02B81874000E444C8 /* AppIntroLogin.swift in Sources */,
				183ECBE22B747085006C45B2 /* FontWeight.swift in Sources */,
				18C3BFB22B820AEA00E444C8 /* SFSafariView.swift in Sources */,
				183ECBDF2B747085006C45B2 /* FloatingTitleRow.swift in Sources */,
				183ECBEC2B747460006C45B2 /* String+Additions.swift in Sources */,
				18C3BFC12B83993200E444C8 /* URL+Additions.swift in Sources */,
			);
			runOnlyForDeploymentPostprocessing = 0;
		};
		184DF0C02B6E1C3F00BA6F21 /* Sources */ = {
			isa = PBXSourcesBuildPhase;
			buildActionMask = 2147483647;
			files = (
				183ECBCD2B724835006C45B2 /* SecureKeyValueStoreTests.swift in Sources */,
				18C3BFC32B8399C600E444C8 /* URLTests.swift in Sources */,
				184DF0C92B6E1C3F00BA6F21 /* ReportsTests.swift in Sources */,
			);
			runOnlyForDeploymentPostprocessing = 0;
		};
		184DF0CA2B6E1C3F00BA6F21 /* Sources */ = {
			isa = PBXSourcesBuildPhase;
			buildActionMask = 2147483647;
			files = (
				184DF0D52B6E1C3F00BA6F21 /* ReportsUITestsLaunchTests.swift in Sources */,
				184DF0D32B6E1C3F00BA6F21 /* ReportsUITests.swift in Sources */,
			);
			runOnlyForDeploymentPostprocessing = 0;
		};
/* End PBXSourcesBuildPhase section */

/* Begin PBXTargetDependency section */
		184DF0C62B6E1C3F00BA6F21 /* PBXTargetDependency */ = {
			isa = PBXTargetDependency;
			target = 184DF0B22B6E1C3E00BA6F21 /* Reports */;
			targetProxy = 184DF0C52B6E1C3F00BA6F21 /* PBXContainerItemProxy */;
		};
		184DF0D02B6E1C3F00BA6F21 /* PBXTargetDependency */ = {
			isa = PBXTargetDependency;
			target = 184DF0B22B6E1C3E00BA6F21 /* Reports */;
			targetProxy = 184DF0CF2B6E1C3F00BA6F21 /* PBXContainerItemProxy */;
		};
/* End PBXTargetDependency section */

/* Begin XCBuildConfiguration section */
		184DF0D62B6E1C3F00BA6F21 /* Debug */ = {
			isa = XCBuildConfiguration;
			buildSettings = {
				ALWAYS_SEARCH_USER_PATHS = NO;
				ASSETCATALOG_COMPILER_GENERATE_SWIFT_ASSET_SYMBOL_EXTENSIONS = YES;
				CLANG_ANALYZER_NONNULL = YES;
				CLANG_ANALYZER_NUMBER_OBJECT_CONVERSION = YES_AGGRESSIVE;
				CLANG_CXX_LANGUAGE_STANDARD = "gnu++20";
				CLANG_ENABLE_MODULES = YES;
				CLANG_ENABLE_OBJC_ARC = YES;
				CLANG_ENABLE_OBJC_WEAK = YES;
				CLANG_WARN_BLOCK_CAPTURE_AUTORELEASING = YES;
				CLANG_WARN_BOOL_CONVERSION = YES;
				CLANG_WARN_COMMA = YES;
				CLANG_WARN_CONSTANT_CONVERSION = YES;
				CLANG_WARN_DEPRECATED_OBJC_IMPLEMENTATIONS = YES;
				CLANG_WARN_DIRECT_OBJC_ISA_USAGE = YES_ERROR;
				CLANG_WARN_DOCUMENTATION_COMMENTS = YES;
				CLANG_WARN_EMPTY_BODY = YES;
				CLANG_WARN_ENUM_CONVERSION = YES;
				CLANG_WARN_INFINITE_RECURSION = YES;
				CLANG_WARN_INT_CONVERSION = YES;
				CLANG_WARN_NON_LITERAL_NULL_CONVERSION = YES;
				CLANG_WARN_OBJC_IMPLICIT_RETAIN_SELF = YES;
				CLANG_WARN_OBJC_LITERAL_CONVERSION = YES;
				CLANG_WARN_OBJC_ROOT_CLASS = YES_ERROR;
				CLANG_WARN_QUOTED_INCLUDE_IN_FRAMEWORK_HEADER = YES;
				CLANG_WARN_RANGE_LOOP_ANALYSIS = YES;
				CLANG_WARN_STRICT_PROTOTYPES = YES;
				CLANG_WARN_SUSPICIOUS_MOVE = YES;
				CLANG_WARN_UNGUARDED_AVAILABILITY = YES_AGGRESSIVE;
				CLANG_WARN_UNREACHABLE_CODE = YES;
				CLANG_WARN__DUPLICATE_METHOD_MATCH = YES;
				COPY_PHASE_STRIP = NO;
				DEBUG_INFORMATION_FORMAT = dwarf;
				ENABLE_STRICT_OBJC_MSGSEND = YES;
				ENABLE_TESTABILITY = YES;
				ENABLE_USER_SCRIPT_SANDBOXING = YES;
				GCC_C_LANGUAGE_STANDARD = gnu17;
				GCC_DYNAMIC_NO_PIC = NO;
				GCC_NO_COMMON_BLOCKS = YES;
				GCC_OPTIMIZATION_LEVEL = 0;
				GCC_PREPROCESSOR_DEFINITIONS = (
					"DEBUG=1",
					"$(inherited)",
				);
				GCC_WARN_64_TO_32_BIT_CONVERSION = YES;
				GCC_WARN_ABOUT_RETURN_TYPE = YES_ERROR;
				GCC_WARN_UNDECLARED_SELECTOR = YES;
				GCC_WARN_UNINITIALIZED_AUTOS = YES_AGGRESSIVE;
				GCC_WARN_UNUSED_FUNCTION = YES;
				GCC_WARN_UNUSED_VARIABLE = YES;
				LOCALIZATION_PREFERS_STRING_CATALOGS = YES;
				MTL_ENABLE_DEBUG_INFO = INCLUDE_SOURCE;
				MTL_FAST_MATH = YES;
				ONLY_ACTIVE_ARCH = YES;
				SWIFT_ACTIVE_COMPILATION_CONDITIONS = "DEBUG $(inherited)";
				SWIFT_OPTIMIZATION_LEVEL = "-Onone";
			};
			name = Debug;
		};
		184DF0D72B6E1C3F00BA6F21 /* Release */ = {
			isa = XCBuildConfiguration;
			buildSettings = {
				ALWAYS_SEARCH_USER_PATHS = NO;
				ASSETCATALOG_COMPILER_GENERATE_SWIFT_ASSET_SYMBOL_EXTENSIONS = YES;
				CLANG_ANALYZER_NONNULL = YES;
				CLANG_ANALYZER_NUMBER_OBJECT_CONVERSION = YES_AGGRESSIVE;
				CLANG_CXX_LANGUAGE_STANDARD = "gnu++20";
				CLANG_ENABLE_MODULES = YES;
				CLANG_ENABLE_OBJC_ARC = YES;
				CLANG_ENABLE_OBJC_WEAK = YES;
				CLANG_WARN_BLOCK_CAPTURE_AUTORELEASING = YES;
				CLANG_WARN_BOOL_CONVERSION = YES;
				CLANG_WARN_COMMA = YES;
				CLANG_WARN_CONSTANT_CONVERSION = YES;
				CLANG_WARN_DEPRECATED_OBJC_IMPLEMENTATIONS = YES;
				CLANG_WARN_DIRECT_OBJC_ISA_USAGE = YES_ERROR;
				CLANG_WARN_DOCUMENTATION_COMMENTS = YES;
				CLANG_WARN_EMPTY_BODY = YES;
				CLANG_WARN_ENUM_CONVERSION = YES;
				CLANG_WARN_INFINITE_RECURSION = YES;
				CLANG_WARN_INT_CONVERSION = YES;
				CLANG_WARN_NON_LITERAL_NULL_CONVERSION = YES;
				CLANG_WARN_OBJC_IMPLICIT_RETAIN_SELF = YES;
				CLANG_WARN_OBJC_LITERAL_CONVERSION = YES;
				CLANG_WARN_OBJC_ROOT_CLASS = YES_ERROR;
				CLANG_WARN_QUOTED_INCLUDE_IN_FRAMEWORK_HEADER = YES;
				CLANG_WARN_RANGE_LOOP_ANALYSIS = YES;
				CLANG_WARN_STRICT_PROTOTYPES = YES;
				CLANG_WARN_SUSPICIOUS_MOVE = YES;
				CLANG_WARN_UNGUARDED_AVAILABILITY = YES_AGGRESSIVE;
				CLANG_WARN_UNREACHABLE_CODE = YES;
				CLANG_WARN__DUPLICATE_METHOD_MATCH = YES;
				COPY_PHASE_STRIP = NO;
				DEBUG_INFORMATION_FORMAT = "dwarf-with-dsym";
				ENABLE_NS_ASSERTIONS = NO;
				ENABLE_STRICT_OBJC_MSGSEND = YES;
				ENABLE_USER_SCRIPT_SANDBOXING = YES;
				GCC_C_LANGUAGE_STANDARD = gnu17;
				GCC_NO_COMMON_BLOCKS = YES;
				GCC_WARN_64_TO_32_BIT_CONVERSION = YES;
				GCC_WARN_ABOUT_RETURN_TYPE = YES_ERROR;
				GCC_WARN_UNDECLARED_SELECTOR = YES;
				GCC_WARN_UNINITIALIZED_AUTOS = YES_AGGRESSIVE;
				GCC_WARN_UNUSED_FUNCTION = YES;
				GCC_WARN_UNUSED_VARIABLE = YES;
				LOCALIZATION_PREFERS_STRING_CATALOGS = YES;
				MTL_ENABLE_DEBUG_INFO = NO;
				MTL_FAST_MATH = YES;
				SWIFT_COMPILATION_MODE = wholemodule;
			};
			name = Release;
		};
		184DF0D92B6E1C3F00BA6F21 /* Debug */ = {
			isa = XCBuildConfiguration;
			buildSettings = {
				ASSETCATALOG_COMPILER_APPICON_NAME = AppIcon;
				ASSETCATALOG_COMPILER_GLOBAL_ACCENT_COLOR_NAME = AccentColor;
				CODE_SIGN_ENTITLEMENTS = Reports/Reports.entitlements;
				CODE_SIGN_STYLE = Automatic;
				CURRENT_PROJECT_VERSION = 1;
				DEVELOPMENT_ASSET_PATHS = "\"Reports/Preview Content\"";
				DEVELOPMENT_TEAM = LTHFTT75QZ;
				ENABLE_HARDENED_RUNTIME = YES;
				ENABLE_PREVIEWS = YES;
				ENABLE_USER_SCRIPT_SANDBOXING = NO;
				GENERATE_INFOPLIST_FILE = YES;
				INFOPLIST_FILE = Reports/Info.plist;
				"INFOPLIST_KEY_UIApplicationSceneManifest_Generation[sdk=iphoneos*]" = YES;
				"INFOPLIST_KEY_UIApplicationSceneManifest_Generation[sdk=iphonesimulator*]" = YES;
				"INFOPLIST_KEY_UIApplicationSupportsIndirectInputEvents[sdk=iphoneos*]" = YES;
				"INFOPLIST_KEY_UIApplicationSupportsIndirectInputEvents[sdk=iphonesimulator*]" = YES;
				"INFOPLIST_KEY_UILaunchScreen_Generation[sdk=iphoneos*]" = YES;
				"INFOPLIST_KEY_UILaunchScreen_Generation[sdk=iphonesimulator*]" = YES;
				"INFOPLIST_KEY_UIStatusBarStyle[sdk=iphoneos*]" = UIStatusBarStyleDefault;
				"INFOPLIST_KEY_UIStatusBarStyle[sdk=iphonesimulator*]" = UIStatusBarStyleDefault;
				INFOPLIST_KEY_UISupportedInterfaceOrientations_iPad = "UIInterfaceOrientationPortrait UIInterfaceOrientationPortraitUpsideDown UIInterfaceOrientationLandscapeLeft UIInterfaceOrientationLandscapeRight";
				INFOPLIST_KEY_UISupportedInterfaceOrientations_iPhone = "UIInterfaceOrientationPortrait UIInterfaceOrientationLandscapeLeft UIInterfaceOrientationLandscapeRight";
				IPHONEOS_DEPLOYMENT_TARGET = 17.2;
				LD_RUNPATH_SEARCH_PATHS = "@executable_path/Frameworks";
				"LD_RUNPATH_SEARCH_PATHS[sdk=macosx*]" = "@executable_path/../Frameworks";
				MACOSX_DEPLOYMENT_TARGET = 14.2;
				MARKETING_VERSION = 1.0;
				PRODUCT_BUNDLE_IDENTIFIER = com.cidaworx.Reports;
				PRODUCT_NAME = "$(TARGET_NAME)";
				SDKROOT = auto;
				SUPPORTED_PLATFORMS = "iphoneos iphonesimulator macosx";
				SWIFT_EMIT_LOC_STRINGS = YES;
				SWIFT_VERSION = 5.0;
				TARGETED_DEVICE_FAMILY = "1,2";
			};
			name = Debug;
		};
		184DF0DA2B6E1C3F00BA6F21 /* Release */ = {
			isa = XCBuildConfiguration;
			buildSettings = {
				ASSETCATALOG_COMPILER_APPICON_NAME = AppIcon;
				ASSETCATALOG_COMPILER_GLOBAL_ACCENT_COLOR_NAME = AccentColor;
				CODE_SIGN_ENTITLEMENTS = Reports/Reports.entitlements;
				CODE_SIGN_STYLE = Automatic;
				CURRENT_PROJECT_VERSION = 1;
				DEVELOPMENT_ASSET_PATHS = "\"Reports/Preview Content\"";
				DEVELOPMENT_TEAM = LTHFTT75QZ;
				ENABLE_HARDENED_RUNTIME = YES;
				ENABLE_PREVIEWS = YES;
				ENABLE_USER_SCRIPT_SANDBOXING = NO;
				GENERATE_INFOPLIST_FILE = YES;
				INFOPLIST_FILE = Reports/Info.plist;
				"INFOPLIST_KEY_UIApplicationSceneManifest_Generation[sdk=iphoneos*]" = YES;
				"INFOPLIST_KEY_UIApplicationSceneManifest_Generation[sdk=iphonesimulator*]" = YES;
				"INFOPLIST_KEY_UIApplicationSupportsIndirectInputEvents[sdk=iphoneos*]" = YES;
				"INFOPLIST_KEY_UIApplicationSupportsIndirectInputEvents[sdk=iphonesimulator*]" = YES;
				"INFOPLIST_KEY_UILaunchScreen_Generation[sdk=iphoneos*]" = YES;
				"INFOPLIST_KEY_UILaunchScreen_Generation[sdk=iphonesimulator*]" = YES;
				"INFOPLIST_KEY_UIStatusBarStyle[sdk=iphoneos*]" = UIStatusBarStyleDefault;
				"INFOPLIST_KEY_UIStatusBarStyle[sdk=iphonesimulator*]" = UIStatusBarStyleDefault;
				INFOPLIST_KEY_UISupportedInterfaceOrientations_iPad = "UIInterfaceOrientationPortrait UIInterfaceOrientationPortraitUpsideDown UIInterfaceOrientationLandscapeLeft UIInterfaceOrientationLandscapeRight";
				INFOPLIST_KEY_UISupportedInterfaceOrientations_iPhone = "UIInterfaceOrientationPortrait UIInterfaceOrientationLandscapeLeft UIInterfaceOrientationLandscapeRight";
				IPHONEOS_DEPLOYMENT_TARGET = 17.2;
				LD_RUNPATH_SEARCH_PATHS = "@executable_path/Frameworks";
				"LD_RUNPATH_SEARCH_PATHS[sdk=macosx*]" = "@executable_path/../Frameworks";
				MACOSX_DEPLOYMENT_TARGET = 14.2;
				MARKETING_VERSION = 1.0;
				PRODUCT_BUNDLE_IDENTIFIER = com.cidaworx.Reports;
				PRODUCT_NAME = "$(TARGET_NAME)";
				SDKROOT = auto;
				SUPPORTED_PLATFORMS = "iphoneos iphonesimulator macosx";
				SWIFT_EMIT_LOC_STRINGS = YES;
				SWIFT_VERSION = 5.0;
				TARGETED_DEVICE_FAMILY = "1,2";
			};
			name = Release;
		};
		184DF0DC2B6E1C3F00BA6F21 /* Debug */ = {
			isa = XCBuildConfiguration;
			buildSettings = {
				ALWAYS_EMBED_SWIFT_STANDARD_LIBRARIES = YES;
				BUNDLE_LOADER = "$(TEST_HOST)";
				CODE_SIGN_STYLE = Automatic;
				CURRENT_PROJECT_VERSION = 1;
				DEVELOPMENT_TEAM = LTHFTT75QZ;
				GENERATE_INFOPLIST_FILE = YES;
				IPHONEOS_DEPLOYMENT_TARGET = 17.2;
				MACOSX_DEPLOYMENT_TARGET = 14.2;
				MARKETING_VERSION = 1.0;
				PRODUCT_BUNDLE_IDENTIFIER = com.cidaworx.ReportsTests;
				PRODUCT_NAME = "$(TARGET_NAME)";
				SDKROOT = auto;
				SUPPORTED_PLATFORMS = "iphoneos iphonesimulator macosx";
				SWIFT_EMIT_LOC_STRINGS = NO;
				SWIFT_VERSION = 5.0;
				TARGETED_DEVICE_FAMILY = "1,2";
				TEST_HOST = "$(BUILT_PRODUCTS_DIR)/Reports.app/$(BUNDLE_EXECUTABLE_FOLDER_PATH)/Reports";
			};
			name = Debug;
		};
		184DF0DD2B6E1C3F00BA6F21 /* Release */ = {
			isa = XCBuildConfiguration;
			buildSettings = {
				ALWAYS_EMBED_SWIFT_STANDARD_LIBRARIES = YES;
				BUNDLE_LOADER = "$(TEST_HOST)";
				CODE_SIGN_STYLE = Automatic;
				CURRENT_PROJECT_VERSION = 1;
				DEVELOPMENT_TEAM = LTHFTT75QZ;
				GENERATE_INFOPLIST_FILE = YES;
				IPHONEOS_DEPLOYMENT_TARGET = 17.2;
				MACOSX_DEPLOYMENT_TARGET = 14.2;
				MARKETING_VERSION = 1.0;
				PRODUCT_BUNDLE_IDENTIFIER = com.cidaworx.ReportsTests;
				PRODUCT_NAME = "$(TARGET_NAME)";
				SDKROOT = auto;
				SUPPORTED_PLATFORMS = "iphoneos iphonesimulator macosx";
				SWIFT_EMIT_LOC_STRINGS = NO;
				SWIFT_VERSION = 5.0;
				TARGETED_DEVICE_FAMILY = "1,2";
				TEST_HOST = "$(BUILT_PRODUCTS_DIR)/Reports.app/$(BUNDLE_EXECUTABLE_FOLDER_PATH)/Reports";
			};
			name = Release;
		};
		184DF0DF2B6E1C3F00BA6F21 /* Debug */ = {
			isa = XCBuildConfiguration;
			buildSettings = {
				ALWAYS_EMBED_SWIFT_STANDARD_LIBRARIES = YES;
				CODE_SIGN_STYLE = Automatic;
				CURRENT_PROJECT_VERSION = 1;
				DEVELOPMENT_TEAM = LTHFTT75QZ;
				GENERATE_INFOPLIST_FILE = YES;
				IPHONEOS_DEPLOYMENT_TARGET = 17.2;
				MACOSX_DEPLOYMENT_TARGET = 14.2;
				MARKETING_VERSION = 1.0;
				PRODUCT_BUNDLE_IDENTIFIER = com.cidaworx.ReportsUITests;
				PRODUCT_NAME = "$(TARGET_NAME)";
				SDKROOT = auto;
				SUPPORTED_PLATFORMS = "iphoneos iphonesimulator macosx";
				SWIFT_EMIT_LOC_STRINGS = NO;
				SWIFT_VERSION = 5.0;
				TARGETED_DEVICE_FAMILY = "1,2";
				TEST_TARGET_NAME = Reports;
			};
			name = Debug;
		};
		184DF0E02B6E1C3F00BA6F21 /* Release */ = {
			isa = XCBuildConfiguration;
			buildSettings = {
				ALWAYS_EMBED_SWIFT_STANDARD_LIBRARIES = YES;
				CODE_SIGN_STYLE = Automatic;
				CURRENT_PROJECT_VERSION = 1;
				DEVELOPMENT_TEAM = LTHFTT75QZ;
				GENERATE_INFOPLIST_FILE = YES;
				IPHONEOS_DEPLOYMENT_TARGET = 17.2;
				MACOSX_DEPLOYMENT_TARGET = 14.2;
				MARKETING_VERSION = 1.0;
				PRODUCT_BUNDLE_IDENTIFIER = com.cidaworx.ReportsUITests;
				PRODUCT_NAME = "$(TARGET_NAME)";
				SDKROOT = auto;
				SUPPORTED_PLATFORMS = "iphoneos iphonesimulator macosx";
				SWIFT_EMIT_LOC_STRINGS = NO;
				SWIFT_VERSION = 5.0;
				TARGETED_DEVICE_FAMILY = "1,2";
				TEST_TARGET_NAME = Reports;
			};
			name = Release;
		};
/* End XCBuildConfiguration section */

/* Begin XCConfigurationList section */
		184DF0AE2B6E1C3E00BA6F21 /* Build configuration list for PBXProject "Reports" */ = {
			isa = XCConfigurationList;
			buildConfigurations = (
				184DF0D62B6E1C3F00BA6F21 /* Debug */,
				184DF0D72B6E1C3F00BA6F21 /* Release */,
			);
			defaultConfigurationIsVisible = 0;
			defaultConfigurationName = Release;
		};
		184DF0D82B6E1C3F00BA6F21 /* Build configuration list for PBXNativeTarget "Reports" */ = {
			isa = XCConfigurationList;
			buildConfigurations = (
				184DF0D92B6E1C3F00BA6F21 /* Debug */,
				184DF0DA2B6E1C3F00BA6F21 /* Release */,
			);
			defaultConfigurationIsVisible = 0;
			defaultConfigurationName = Release;
		};
		184DF0DB2B6E1C3F00BA6F21 /* Build configuration list for PBXNativeTarget "ReportsTests" */ = {
			isa = XCConfigurationList;
			buildConfigurations = (
				184DF0DC2B6E1C3F00BA6F21 /* Debug */,
				184DF0DD2B6E1C3F00BA6F21 /* Release */,
			);
			defaultConfigurationIsVisible = 0;
			defaultConfigurationName = Release;
		};
		184DF0DE2B6E1C3F00BA6F21 /* Build configuration list for PBXNativeTarget "ReportsUITests" */ = {
			isa = XCConfigurationList;
			buildConfigurations = (
				184DF0DF2B6E1C3F00BA6F21 /* Debug */,
				184DF0E02B6E1C3F00BA6F21 /* Release */,
			);
			defaultConfigurationIsVisible = 0;
			defaultConfigurationName = Release;
		};
/* End XCConfigurationList section */

/* Begin XCRemoteSwiftPackageReference section */
		183ECBC82B70E70B006C45B2 /* XCRemoteSwiftPackageReference "keychain-swift" */ = {
			isa = XCRemoteSwiftPackageReference;
			repositoryURL = "https://github.com/evgenyneu/keychain-swift.git";
			requirement = {
				kind = upToNextMajorVersion;
				minimumVersion = 21.0.0;
			};
		};
		183ECBE42B74738B006C45B2 /* XCRemoteSwiftPackageReference "swift-composable-architecture" */ = {
			isa = XCRemoteSwiftPackageReference;
			repositoryURL = "https://github.com/pointfreeco/swift-composable-architecture";
			requirement = {
				kind = upToNextMajorVersion;
				minimumVersion = 1.7.3;
			};
		};
/* End XCRemoteSwiftPackageReference section */

/* Begin XCSwiftPackageProductDependency section */
		183ECBB82B6F092B006C45B2 /* BudgetSystemService */ = {
			isa = XCSwiftPackageProductDependency;
			productName = BudgetSystemService;
		};
		183ECBC92B70E70B006C45B2 /* KeychainSwift */ = {
			isa = XCSwiftPackageProductDependency;
			package = 183ECBC82B70E70B006C45B2 /* XCRemoteSwiftPackageReference "keychain-swift" */;
			productName = KeychainSwift;
		};
		183ECBE52B74738B006C45B2 /* ComposableArchitecture */ = {
			isa = XCSwiftPackageProductDependency;
			package = 183ECBE42B74738B006C45B2 /* XCRemoteSwiftPackageReference "swift-composable-architecture" */;
			productName = ComposableArchitecture;
		};
/* End XCSwiftPackageProductDependency section */
	};
	rootObject = 184DF0AB2B6E1C3E00BA6F21 /* Project object */;
}
